{
  "originHash" : "40f89e11a4cf03fd21509ed66bdcb5303b9183b0a0109bb76a8a820051617652",
  "pins" : [
        {
      "identity" : "ocmock",
      "kind" : "remoteSourceControl",
      "location" : "https://github.com/erikdoe/ocmock",
      "state" : {
        "revision" : "2c0bfd373289f4a7716db5d6db471640f91a6507"
      }
    }
  ],
  "version" : 3
}
