PODS:
  - Airwallex (5.6.0):
    - Airwallex/ApplePay (= 5.6.0)
    - Airwallex/Card (= 5.6.0)
    - Airwallex/Core (= 5.6.0)
    - Airwallex/Redirect (= 5.6.0)
    - Airwallex/WeChatPay (= 5.6.0)
  - Airwallex/ApplePay (5.6.0):
    - Airwallex/Core
  - Airwallex/Card (5.6.0):
    - Airwallex/Core
  - Airwallex/Core (5.6.0)
  - Airwallex/Redirect (5.6.0):
    - Airwallex/Core
  - Airwallex/WeChatPay (5.6.0):
    - Airwallex/Core
  - OCMock (3.9.1)

DEPENDENCIES:
  - Airwallex (from `./`)
  - OCMock

SPEC REPOS:
  https://github.com/CocoaPods/Specs.git:
    - OCMock

EXTERNAL SOURCES:
  Airwallex:
    :path: "./"

SPEC CHECKSUMS:
  Airwallex: 53c129754b1e02c203b14e3cda217ee442bd2bd1
  OCMock: 9491e4bec59e0b267d52a9184ff5605995e74be8

PODFILE CHECKSUM: 37eaf99a516ce38431fb6d59180397fc8d6d513d

COCOAPODS: 1.16.2
