PODS:
  - Airwallex/AirwallexCore (6.1.6)
  - Airwallex/AirwallexPayment (6.1.6):
    - Airwallex/AirwallexCore
  - Airwallex/AirwallexPaymentSheet (6.1.6):
    - Airwallex/AirwallexPayment
  - Airwallex/AirwallexWeChatPay (6.1.6):
    - Airwallex/AirwallexCore
  - OCMock (3.9.4)

DEPENDENCIES:
  - Airwallex/AirwallexPaymentSheet (from `./`)
  - Airwallex/AirwallexWeChatPay (from `./`)
  - OCMock

SPEC REPOS:
  trunk:
    - OCMock

EXTERNAL SOURCES:
  Airwallex:
    :path: "./"

SPEC CHECKSUMS:
  Airwallex: a8e744ede69e1095905226ec65fde31a76ced05d
  OCMock: 589f2c84dacb1f5aaf6e4cec1f292551fe748e74

PODFILE CHECKSUM: 5892010fc0b398d43001fed8ad3d3aa4d0e38525

COCOAPODS: 1.16.2
