// !$*UTF8*$!
{
	archiveVersion = 1;
	classes = {
	};
	objectVersion = 77;
	objects = {

/* Begin PBXBuildFile section */
		D8320E832D9E7F4500FC067A /* ExamplesKeys.swift in Sources */ = {isa = PBXBuildFile; fileRef = D8320E822D9E7F4500FC067A /* ExamplesKeys.swift */; };
		D8B38C1E2D9E5E9500909ADD /* Assets.xcassets in Resources */ = {isa = PBXBuildFile; fileRef = D8B38C182D9E5E9500909ADD /* Assets.xcassets */; };
		D8B38C1F2D9E5E9500909ADD /* Main.storyboard in Resources */ = {isa = PBXBuildFile; fileRef = D8B38C1C2D9E5E9500909ADD /* Main.storyboard */; };
		D8B38C202D9E5E9500909ADD /* PrivacyInfo.xcprivacy in Resources */ = {isa = PBXBuildFile; fileRef = D8B38C172D9E5E9500909ADD /* PrivacyInfo.xcprivacy */; };
		D8B38C222D9E5E9500909ADD /* LaunchScreen.storyboard in Resources */ = {isa = PBXBuildFile; fileRef = D8B38C1A2D9E5E9500909ADD /* LaunchScreen.storyboard */; };
		D8B38C232D9E5E9500909ADD /* AppDelegate.swift in Sources */ = {isa = PBXBuildFile; fileRef = D8B38C142D9E5E9500909ADD /* AppDelegate.swift */; };
		D8B38C562D9E5F6C00909ADD /* Encodable+Extensions.swift in Sources */ = {isa = PBXBuildFile; fileRef = D8B38C472D9E5F6C00909ADD /* Encodable+Extensions.swift */; };
		D8B38C572D9E5F6C00909ADD /* ConfigTextFieldViewModel.swift in Sources */ = {isa = PBXBuildFile; fileRef = D8B38C502D9E5F6C00909ADD /* ConfigTextFieldViewModel.swift */; };
		D8B38C582D9E5F6C00909ADD /* ConfigActionView.swift in Sources */ = {isa = PBXBuildFile; fileRef = D8B38C4D2D9E5F6C00909ADD /* ConfigActionView.swift */; };
		D8B38C592D9E5F6C00909ADD /* String+Extensions.swift in Sources */ = {isa = PBXBuildFile; fileRef = D8B38C4A2D9E5F6C00909ADD /* String+Extensions.swift */; };
		D8B38C5A2D9E5F6C00909ADD /* H5DemoViewController.swift in Sources */ = {isa = PBXBuildFile; fileRef = D8B38C302D9E5F6C00909ADD /* H5DemoViewController.swift */; };
		D8B38C5B2D9E5F6C00909ADD /* APIClient.swift in Sources */ = {isa = PBXBuildFile; fileRef = D8B38C272D9E5F6C00909ADD /* APIClient.swift */; };
		D8B38C5C2D9E5F6C00909ADD /* TopView.swift in Sources */ = {isa = PBXBuildFile; fileRef = D8B38C532D9E5F6C00909ADD /* TopView.swift */; };
		D8B38C5D2D9E5F6C00909ADD /* GetPaymentMethodsViewController.swift in Sources */ = {isa = PBXBuildFile; fileRef = D8B38C2F2D9E5F6C00909ADD /* GetPaymentMethodsViewController.swift */; };
		D8B38C5E2D9E5F6C00909ADD /* ConfigSwitchView.swift in Sources */ = {isa = PBXBuildFile; fileRef = D8B38C4E2D9E5F6C00909ADD /* ConfigSwitchView.swift */; };
		D8B38C5F2D9E5F6C00909ADD /* AirwallexSDKMode+Extensions.swift in Sources */ = {isa = PBXBuildFile; fileRef = D8B38C462D9E5F6C00909ADD /* AirwallexSDKMode+Extensions.swift */; };
		D8B38C602D9E5F6C00909ADD /* MockAPIClient.m in Sources */ = {isa = PBXBuildFile; fileRef = D8B38C3B2D9E5F6C00909ADD /* MockAPIClient.m */; };
		D8B38C612D9E5F6C00909ADD /* PaymentIntentRequest.swift in Sources */ = {isa = PBXBuildFile; fileRef = D8B38C2A2D9E5F6C00909ADD /* PaymentIntentRequest.swift */; };
		D8B38C622D9E5F6C00909ADD /* GetCardConsentsViewController.swift in Sources */ = {isa = PBXBuildFile; fileRef = D8B38C2E2D9E5F6C00909ADD /* GetCardConsentsViewController.swift */; };
		D8B38C632D9E5F6C00909ADD /* HomeViewController.swift in Sources */ = {isa = PBXBuildFile; fileRef = D8B38C312D9E5F6C00909ADD /* HomeViewController.swift */; };
		D8B38C642D9E5F6C00909ADD /* DemoDataSource.swift in Sources */ = {isa = PBXBuildFile; fileRef = D8B38C2D2D9E5F6C00909ADD /* DemoDataSource.swift */; };
		D8B38C652D9E5F6C00909ADD /* NSError+Extensions.swift in Sources */ = {isa = PBXBuildFile; fileRef = D8B38C492D9E5F6C00909ADD /* NSError+Extensions.swift */; };
		D8B38C662D9E5F6C00909ADD /* KeyboardHandler.swift in Sources */ = {isa = PBXBuildFile; fileRef = D8B38C482D9E5F6C00909ADD /* KeyboardHandler.swift */; };
		D8B38C672D9E5F6C00909ADD /* PurchaseOrder.swift in Sources */ = {isa = PBXBuildFile; fileRef = D8B38C2B2D9E5F6C00909ADD /* PurchaseOrder.swift */; };
		D8B38C682D9E5F6C00909ADD /* ConfigTextField.swift in Sources */ = {isa = PBXBuildFile; fileRef = D8B38C4F2D9E5F6C00909ADD /* ConfigTextField.swift */; };
		D8B38C692D9E5F6C00909ADD /* IntegrationDemoListViewController.swift in Sources */ = {isa = PBXBuildFile; fileRef = D8B38C322D9E5F6C00909ADD /* IntegrationDemoListViewController.swift */; };
		D8B38C6A2D9E5F6C00909ADD /* TextContentViewController.swift in Sources */ = {isa = PBXBuildFile; fileRef = D8B38C352D9E5F6C00909ADD /* TextContentViewController.swift */; };
		D8B38C6B2D9E5F6C00909ADD /* Customer.swift in Sources */ = {isa = PBXBuildFile; fileRef = D8B38C282D9E5F6C00909ADD /* Customer.swift */; };
		D8B38C6C2D9E5F6C00909ADD /* WebViewController.swift in Sources */ = {isa = PBXBuildFile; fileRef = D8B38C362D9E5F6C00909ADD /* WebViewController.swift */; };
		D8B38C6D2D9E5F6C00909ADD /* HomePageTitleView.swift in Sources */ = {isa = PBXBuildFile; fileRef = D8B38C522D9E5F6C00909ADD /* HomePageTitleView.swift */; };
		D8B38C6F2D9E5F6C00909ADD /* CustomerRequest.swift in Sources */ = {isa = PBXBuildFile; fileRef = D8B38C292D9E5F6C00909ADD /* CustomerRequest.swift */; };
		D8B38C702D9E5F6C00909ADD /* DirectAPIClient.swift in Sources */ = {isa = PBXBuildFile; fileRef = D8B38C392D9E5F6C00909ADD /* DirectAPIClient.swift */; };
		D8B38C712D9E5F6C00909ADD /* UIButton+Extension.swift in Sources */ = {isa = PBXBuildFile; fileRef = D8B38C542D9E5F6C00909ADD /* UIButton+Extension.swift */; };
		D8B38C722D9E5F6C00909ADD /* SettingsViewController.swift in Sources */ = {isa = PBXBuildFile; fileRef = D8B38C342D9E5F6C00909ADD /* SettingsViewController.swift */; };
		D8B38C732D9E5F6C00909ADD /* PaymentResultViewController.swift in Sources */ = {isa = PBXBuildFile; fileRef = D8B38C332D9E5F6C00909ADD /* PaymentResultViewController.swift */; };
		D8B38C742D9E5F6C00909ADD /* UIViewController+Extensions.swift in Sources */ = {isa = PBXBuildFile; fileRef = D8B38C4B2D9E5F6C00909ADD /* UIViewController+Extensions.swift */; };
		D8B38C752D9E5F6C00909ADD /* WeChatDemoViewController.swift in Sources */ = {isa = PBXBuildFile; fileRef = D8B38C372D9E5F6C00909ADD /* WeChatDemoViewController.swift */; };
		D8B38C762D9E5F6C00909ADD /* DemoListView.swift in Sources */ = {isa = PBXBuildFile; fileRef = D8B38C512D9E5F6C00909ADD /* DemoListView.swift */; };
		D8B38C772D9E5F6C00909ADD /* LaunchScreen.storyboard in Resources */ = {isa = PBXBuildFile; fileRef = D8B38C422D9E5F6C00909ADD /* LaunchScreen.storyboard */; };
		D8B38C782D9E5F6C00909ADD /* Assets.xcassets in Resources */ = {isa = PBXBuildFile; fileRef = D8B38C402D9E5F6C00909ADD /* Assets.xcassets */; };
		D8B38C792D9E5F6C00909ADD /* Keys.json in Resources */ = {isa = PBXBuildFile; fileRef = D8B38C3E2D9E5F6C00909ADD /* Keys.json */; };
		D8B38C7A2D9E5F6C00909ADD /* Main.storyboard in Resources */ = {isa = PBXBuildFile; fileRef = D8B38C442D9E5F6C00909ADD /* Main.storyboard */; };
		D8B38C7D2D9E5FA200909ADD /* Airwallex in Frameworks */ = {isa = PBXBuildFile; productRef = D8B38C7C2D9E5FA200909ADD /* Airwallex */; };
/* End PBXBuildFile section */

/* Begin PBXFileReference section */
		D8320E822D9E7F4500FC067A /* ExamplesKeys.swift */ = {isa = PBXFileReference; lastKnownFileType = sourcecode.swift; name = ExamplesKeys.swift; path = ../Examples/Examples/ExamplesKeys.swift; sourceTree = SOURCE_ROOT; };
		D8B38B832D9E5C7500909ADD /* ExampleSPM.app */ = {isa = PBXFileReference; explicitFileType = wrapper.application; includeInIndex = 0; path = ExampleSPM.app; sourceTree = BUILT_PRODUCTS_DIR; };
		D8B38BBD2D9E5DDD00909ADD /* ExampleSPM.entitlements */ = {isa = PBXFileReference; lastKnownFileType = text.plist.entitlements; path = ExampleSPM.entitlements; sourceTree = "<group>"; };
		D8B38C142D9E5E9500909ADD /* AppDelegate.swift */ = {isa = PBXFileReference; lastKnownFileType = sourcecode.swift; name = AppDelegate.swift; path = ../Examples/Examples/AppDelegate.swift; sourceTree = SOURCE_ROOT; };
		D8B38C172D9E5E9500909ADD /* PrivacyInfo.xcprivacy */ = {isa = PBXFileReference; lastKnownFileType = text.xml; name = PrivacyInfo.xcprivacy; path = ../Examples/Examples/PrivacyInfo.xcprivacy; sourceTree = SOURCE_ROOT; };
		D8B38C182D9E5E9500909ADD /* Assets.xcassets */ = {isa = PBXFileReference; lastKnownFileType = folder.assetcatalog; path = Assets.xcassets; sourceTree = "<group>"; };
		D8B38C192D9E5E9500909ADD /* Base */ = {isa = PBXFileReference; lastKnownFileType = file.storyboard; name = Base; path = Base.lproj/LaunchScreen.storyboard; sourceTree = "<group>"; };
		D8B38C1B2D9E5E9500909ADD /* Base */ = {isa = PBXFileReference; lastKnownFileType = file.storyboard; name = Base; path = Base.lproj/Main.storyboard; sourceTree = "<group>"; };
		D8B38C242D9E5E9E00909ADD /* ExampleSPM-Bridging-Header.h */ = {isa = PBXFileReference; lastKnownFileType = sourcecode.c.h; path = "ExampleSPM-Bridging-Header.h"; sourceTree = "<group>"; };
		D8B38C272D9E5F6C00909ADD /* APIClient.swift */ = {isa = PBXFileReference; lastKnownFileType = sourcecode.swift; path = APIClient.swift; sourceTree = "<group>"; };
		D8B38C282D9E5F6C00909ADD /* Customer.swift */ = {isa = PBXFileReference; lastKnownFileType = sourcecode.swift; path = Customer.swift; sourceTree = "<group>"; };
		D8B38C292D9E5F6C00909ADD /* CustomerRequest.swift */ = {isa = PBXFileReference; lastKnownFileType = sourcecode.swift; path = CustomerRequest.swift; sourceTree = "<group>"; };
		D8B38C2A2D9E5F6C00909ADD /* PaymentIntentRequest.swift */ = {isa = PBXFileReference; lastKnownFileType = sourcecode.swift; path = PaymentIntentRequest.swift; sourceTree = "<group>"; };
		D8B38C2B2D9E5F6C00909ADD /* PurchaseOrder.swift */ = {isa = PBXFileReference; lastKnownFileType = sourcecode.swift; path = PurchaseOrder.swift; sourceTree = "<group>"; };
		D8B38C2D2D9E5F6C00909ADD /* DemoDataSource.swift */ = {isa = PBXFileReference; lastKnownFileType = sourcecode.swift; path = DemoDataSource.swift; sourceTree = "<group>"; };
		D8B38C2E2D9E5F6C00909ADD /* GetCardConsentsViewController.swift */ = {isa = PBXFileReference; lastKnownFileType = sourcecode.swift; path = GetCardConsentsViewController.swift; sourceTree = "<group>"; };
		D8B38C2F2D9E5F6C00909ADD /* GetPaymentMethodsViewController.swift */ = {isa = PBXFileReference; lastKnownFileType = sourcecode.swift; path = GetPaymentMethodsViewController.swift; sourceTree = "<group>"; };
		D8B38C302D9E5F6C00909ADD /* H5DemoViewController.swift */ = {isa = PBXFileReference; lastKnownFileType = sourcecode.swift; path = H5DemoViewController.swift; sourceTree = "<group>"; };
		D8B38C312D9E5F6C00909ADD /* HomeViewController.swift */ = {isa = PBXFileReference; lastKnownFileType = sourcecode.swift; path = HomeViewController.swift; sourceTree = "<group>"; };
		D8B38C322D9E5F6C00909ADD /* IntegrationDemoListViewController.swift */ = {isa = PBXFileReference; lastKnownFileType = sourcecode.swift; path = IntegrationDemoListViewController.swift; sourceTree = "<group>"; };
		D8B38C332D9E5F6C00909ADD /* PaymentResultViewController.swift */ = {isa = PBXFileReference; lastKnownFileType = sourcecode.swift; path = PaymentResultViewController.swift; sourceTree = "<group>"; };
		D8B38C342D9E5F6C00909ADD /* SettingsViewController.swift */ = {isa = PBXFileReference; lastKnownFileType = sourcecode.swift; path = SettingsViewController.swift; sourceTree = "<group>"; };
		D8B38C352D9E5F6C00909ADD /* TextContentViewController.swift */ = {isa = PBXFileReference; lastKnownFileType = sourcecode.swift; path = TextContentViewController.swift; sourceTree = "<group>"; };
		D8B38C362D9E5F6C00909ADD /* WebViewController.swift */ = {isa = PBXFileReference; lastKnownFileType = sourcecode.swift; path = WebViewController.swift; sourceTree = "<group>"; };
		D8B38C372D9E5F6C00909ADD /* WeChatDemoViewController.swift */ = {isa = PBXFileReference; lastKnownFileType = sourcecode.swift; path = WeChatDemoViewController.swift; sourceTree = "<group>"; };
		D8B38C392D9E5F6C00909ADD /* DirectAPIClient.swift */ = {isa = PBXFileReference; lastKnownFileType = sourcecode.swift; path = DirectAPIClient.swift; sourceTree = "<group>"; };
		D8B38C3A2D9E5F6C00909ADD /* MockAPIClient.h */ = {isa = PBXFileReference; lastKnownFileType = sourcecode.c.h; path = MockAPIClient.h; sourceTree = "<group>"; };
		D8B38C3B2D9E5F6C00909ADD /* MockAPIClient.m */ = {isa = PBXFileReference; lastKnownFileType = sourcecode.c.objc; path = MockAPIClient.m; sourceTree = "<group>"; };
		D8B38C3E2D9E5F6C00909ADD /* Keys.json */ = {isa = PBXFileReference; lastKnownFileType = text.json; path = Keys.json; sourceTree = "<group>"; };
		D8B38C402D9E5F6C00909ADD /* Assets.xcassets */ = {isa = PBXFileReference; lastKnownFileType = folder.assetcatalog; path = Assets.xcassets; sourceTree = "<group>"; };
		D8B38C412D9E5F6C00909ADD /* Base */ = {isa = PBXFileReference; lastKnownFileType = file.storyboard; name = Base; path = Base.lproj/LaunchScreen.storyboard; sourceTree = "<group>"; };
		D8B38C432D9E5F6C00909ADD /* Base */ = {isa = PBXFileReference; lastKnownFileType = file.storyboard; name = Base; path = Base.lproj/Main.storyboard; sourceTree = "<group>"; };
		D8B38C462D9E5F6C00909ADD /* AirwallexSDKMode+Extensions.swift */ = {isa = PBXFileReference; lastKnownFileType = sourcecode.swift; path = "AirwallexSDKMode+Extensions.swift"; sourceTree = "<group>"; };
		D8B38C472D9E5F6C00909ADD /* Encodable+Extensions.swift */ = {isa = PBXFileReference; lastKnownFileType = sourcecode.swift; path = "Encodable+Extensions.swift"; sourceTree = "<group>"; };
		D8B38C482D9E5F6C00909ADD /* KeyboardHandler.swift */ = {isa = PBXFileReference; lastKnownFileType = sourcecode.swift; path = KeyboardHandler.swift; sourceTree = "<group>"; };
		D8B38C492D9E5F6C00909ADD /* NSError+Extensions.swift */ = {isa = PBXFileReference; lastKnownFileType = sourcecode.swift; path = "NSError+Extensions.swift"; sourceTree = "<group>"; };
		D8B38C4A2D9E5F6C00909ADD /* String+Extensions.swift */ = {isa = PBXFileReference; lastKnownFileType = sourcecode.swift; path = "String+Extensions.swift"; sourceTree = "<group>"; };
		D8B38C4B2D9E5F6C00909ADD /* UIViewController+Extensions.swift */ = {isa = PBXFileReference; lastKnownFileType = sourcecode.swift; path = "UIViewController+Extensions.swift"; sourceTree = "<group>"; };
		D8B38C4D2D9E5F6C00909ADD /* ConfigActionView.swift */ = {isa = PBXFileReference; lastKnownFileType = sourcecode.swift; path = ConfigActionView.swift; sourceTree = "<group>"; };
		D8B38C4E2D9E5F6C00909ADD /* ConfigSwitchView.swift */ = {isa = PBXFileReference; lastKnownFileType = sourcecode.swift; path = ConfigSwitchView.swift; sourceTree = "<group>"; };
		D8B38C4F2D9E5F6C00909ADD /* ConfigTextField.swift */ = {isa = PBXFileReference; lastKnownFileType = sourcecode.swift; path = ConfigTextField.swift; sourceTree = "<group>"; };
		D8B38C502D9E5F6C00909ADD /* ConfigTextFieldViewModel.swift */ = {isa = PBXFileReference; lastKnownFileType = sourcecode.swift; path = ConfigTextFieldViewModel.swift; sourceTree = "<group>"; };
		D8B38C512D9E5F6C00909ADD /* DemoListView.swift */ = {isa = PBXFileReference; lastKnownFileType = sourcecode.swift; path = DemoListView.swift; sourceTree = "<group>"; };
		D8B38C522D9E5F6C00909ADD /* HomePageTitleView.swift */ = {isa = PBXFileReference; lastKnownFileType = sourcecode.swift; path = HomePageTitleView.swift; sourceTree = "<group>"; };
		D8B38C532D9E5F6C00909ADD /* TopView.swift */ = {isa = PBXFileReference; lastKnownFileType = sourcecode.swift; path = TopView.swift; sourceTree = "<group>"; };
		D8B38C542D9E5F6C00909ADD /* UIButton+Extension.swift */ = {isa = PBXFileReference; lastKnownFileType = sourcecode.swift; path = "UIButton+Extension.swift"; sourceTree = "<group>"; };
/* End PBXFileReference section */

/* Begin PBXFrameworksBuildPhase section */
		D8B38B802D9E5C7500909ADD /* Frameworks */ = {
			isa = PBXFrameworksBuildPhase;
			buildActionMask = 2147483647;
			files = (
				D8B38C7D2D9E5FA200909ADD /* Airwallex in Frameworks */,
			);
			runOnlyForDeploymentPostprocessing = 0;
		};
/* End PBXFrameworksBuildPhase section */

/* Begin PBXGroup section */
		D8B38B7A2D9E5C7500909ADD = {
			isa = PBXGroup;
			children = (
				D8B38BC42D9E5DDD00909ADD /* ExampleSPM */,
				D8B38B842D9E5C7500909ADD /* Products */,
			);
			sourceTree = "<group>";
		};
		D8B38B842D9E5C7500909ADD /* Products */ = {
			isa = PBXGroup;
			children = (
				D8B38B832D9E5C7500909ADD /* ExampleSPM.app */,
			);
			name = Products;
			sourceTree = "<group>";
		};
		D8B38BC42D9E5DDD00909ADD /* ExampleSPM */ = {
			isa = PBXGroup;
			children = (
				D8B38BBD2D9E5DDD00909ADD /* ExampleSPM.entitlements */,
				D8320E822D9E7F4500FC067A /* ExamplesKeys.swift */,
				D8B38C142D9E5E9500909ADD /* AppDelegate.swift */,
				D8B38C2C2D9E5F6C00909ADD /* API */,
				D8B38C382D9E5F6C00909ADD /* Controllers */,
				D8B38C3C2D9E5F6C00909ADD /* Deprecated */,
				D8B38C3F2D9E5F6C00909ADD /* Keys */,
				D8B38C452D9E5F6C00909ADD /* Resources */,
				D8B38C4C2D9E5F6C00909ADD /* Util */,
				D8B38C552D9E5F6C00909ADD /* Views */,
				D8B38C172D9E5E9500909ADD /* PrivacyInfo.xcprivacy */,
				D8B38C1D2D9E5E9500909ADD /* Resources */,
				D8B38C242D9E5E9E00909ADD /* ExampleSPM-Bridging-Header.h */,
			);
			path = ExampleSPM;
			sourceTree = "<group>";
		};
		D8B38C1D2D9E5E9500909ADD /* Resources */ = {
			isa = PBXGroup;
			children = (
				D8B38C182D9E5E9500909ADD /* Assets.xcassets */,
				D8B38C1A2D9E5E9500909ADD /* LaunchScreen.storyboard */,
				D8B38C1C2D9E5E9500909ADD /* Main.storyboard */,
			);
			name = Resources;
			path = ../Examples/Examples/Resources;
			sourceTree = SOURCE_ROOT;
		};
		D8B38C2C2D9E5F6C00909ADD /* API */ = {
			isa = PBXGroup;
			children = (
				D8B38C272D9E5F6C00909ADD /* APIClient.swift */,
				D8B38C282D9E5F6C00909ADD /* Customer.swift */,
				D8B38C292D9E5F6C00909ADD /* CustomerRequest.swift */,
				D8B38C2A2D9E5F6C00909ADD /* PaymentIntentRequest.swift */,
				D8B38C2B2D9E5F6C00909ADD /* PurchaseOrder.swift */,
			);
			name = API;
			path = ../Examples/Examples/API;
			sourceTree = SOURCE_ROOT;
		};
		D8B38C382D9E5F6C00909ADD /* Controllers */ = {
			isa = PBXGroup;
			children = (
				D8B38C2D2D9E5F6C00909ADD /* DemoDataSource.swift */,
				D8B38C2E2D9E5F6C00909ADD /* GetCardConsentsViewController.swift */,
				D8B38C2F2D9E5F6C00909ADD /* GetPaymentMethodsViewController.swift */,
				D8B38C302D9E5F6C00909ADD /* H5DemoViewController.swift */,
				D8B38C312D9E5F6C00909ADD /* HomeViewController.swift */,
				D8B38C322D9E5F6C00909ADD /* IntegrationDemoListViewController.swift */,
				D8B38C332D9E5F6C00909ADD /* PaymentResultViewController.swift */,
				D8B38C342D9E5F6C00909ADD /* SettingsViewController.swift */,
				D8B38C352D9E5F6C00909ADD /* TextContentViewController.swift */,
				D8B38C362D9E5F6C00909ADD /* WebViewController.swift */,
				D8B38C372D9E5F6C00909ADD /* WeChatDemoViewController.swift */,
			);
			name = Controllers;
			path = ../Examples/Examples/Controllers;
			sourceTree = SOURCE_ROOT;
		};
		D8B38C3C2D9E5F6C00909ADD /* Deprecated */ = {
			isa = PBXGroup;
			children = (
				D8B38C392D9E5F6C00909ADD /* DirectAPIClient.swift */,
				D8B38C3A2D9E5F6C00909ADD /* MockAPIClient.h */,
				D8B38C3B2D9E5F6C00909ADD /* MockAPIClient.m */,
			);
			name = Deprecated;
			path = ../Examples/Examples/Deprecated;
			sourceTree = SOURCE_ROOT;
		};
		D8B38C3F2D9E5F6C00909ADD /* Keys */ = {
			isa = PBXGroup;
			children = (
				D8B38C3E2D9E5F6C00909ADD /* Keys.json */,
			);
			name = Keys;
			path = ../Examples/Examples/Keys;
			sourceTree = SOURCE_ROOT;
		};
		D8B38C452D9E5F6C00909ADD /* Resources */ = {
			isa = PBXGroup;
			children = (
				D8B38C402D9E5F6C00909ADD /* Assets.xcassets */,
				D8B38C422D9E5F6C00909ADD /* LaunchScreen.storyboard */,
				D8B38C442D9E5F6C00909ADD /* Main.storyboard */,
			);
			name = Resources;
			path = ../Examples/Examples/Resources;
			sourceTree = SOURCE_ROOT;
		};
		D8B38C4C2D9E5F6C00909ADD /* Util */ = {
			isa = PBXGroup;
			children = (
				D8B38C462D9E5F6C00909ADD /* AirwallexSDKMode+Extensions.swift */,
				D8B38C472D9E5F6C00909ADD /* Encodable+Extensions.swift */,
				D8B38C482D9E5F6C00909ADD /* KeyboardHandler.swift */,
				D8B38C492D9E5F6C00909ADD /* NSError+Extensions.swift */,
				D8B38C4A2D9E5F6C00909ADD /* String+Extensions.swift */,
				D8B38C4B2D9E5F6C00909ADD /* UIViewController+Extensions.swift */,
			);
			name = Util;
			path = ../Examples/Examples/Util;
			sourceTree = SOURCE_ROOT;
		};
		D8B38C552D9E5F6C00909ADD /* Views */ = {
			isa = PBXGroup;
			children = (
				D8B38C4D2D9E5F6C00909ADD /* ConfigActionView.swift */,
				D8B38C4E2D9E5F6C00909ADD /* ConfigSwitchView.swift */,
				D8B38C4F2D9E5F6C00909ADD /* ConfigTextField.swift */,
				D8B38C502D9E5F6C00909ADD /* ConfigTextFieldViewModel.swift */,
				D8B38C512D9E5F6C00909ADD /* DemoListView.swift */,
				D8B38C522D9E5F6C00909ADD /* HomePageTitleView.swift */,
				D8B38C532D9E5F6C00909ADD /* TopView.swift */,
				D8B38C542D9E5F6C00909ADD /* UIButton+Extension.swift */,
			);
			name = Views;
			path = ../Examples/Examples/Views;
			sourceTree = SOURCE_ROOT;
		};
/* End PBXGroup section */

/* Begin PBXNativeTarget section */
		D8B38B822D9E5C7500909ADD /* ExampleSPM */ = {
			isa = PBXNativeTarget;
			buildConfigurationList = D8B38B962D9E5C7600909ADD /* Build configuration list for PBXNativeTarget "ExampleSPM" */;
			buildPhases = (
				D8B38B7F2D9E5C7500909ADD /* Sources */,
				D8B38B802D9E5C7500909ADD /* Frameworks */,
				D8B38B812D9E5C7500909ADD /* Resources */,
			);
			buildRules = (
			);
			dependencies = (
			);
			name = ExampleSPM;
			packageProductDependencies = (
				D8B38C7C2D9E5FA200909ADD /* Airwallex */,
			);
			productName = ExampleSPM;
			productReference = D8B38B832D9E5C7500909ADD /* ExampleSPM.app */;
			productType = "com.apple.product-type.application";
		};
/* End PBXNativeTarget section */

/* Begin PBXProject section */
		D8B38B7B2D9E5C7500909ADD /* Project object */ = {
			isa = PBXProject;
			attributes = {
				BuildIndependentTargetsInParallel = 1;
				LastSwiftUpdateCheck = 1620;
				LastUpgradeCheck = 1620;
				TargetAttributes = {
					D8B38B822D9E5C7500909ADD = {
						CreatedOnToolsVersion = 16.2;
						LastSwiftMigration = 1620;
					};
				};
			};
			buildConfigurationList = D8B38B7E2D9E5C7500909ADD /* Build configuration list for PBXProject "ExampleSPM" */;
			developmentRegion = en;
			hasScannedForEncodings = 0;
			knownRegions = (
				en,
				Base,
			);
			mainGroup = D8B38B7A2D9E5C7500909ADD;
			minimizedProjectReferenceProxies = 1;
			packageReferences = (
				D8B38C7B2D9E5FA200909ADD /* XCLocalSwiftPackageReference "../../airwallex-payment-ios" */,
			);
			preferredProjectObjectVersion = 77;
			productRefGroup = D8B38B842D9E5C7500909ADD /* Products */;
			projectDirPath = "";
			projectRoot = "";
			targets = (
				D8B38B822D9E5C7500909ADD /* ExampleSPM */,
			);
		};
/* End PBXProject section */

/* Begin PBXResourcesBuildPhase section */
		D8B38B812D9E5C7500909ADD /* Resources */ = {
			isa = PBXResourcesBuildPhase;
			buildActionMask = 2147483647;
			files = (
				D8B38C1E2D9E5E9500909ADD /* Assets.xcassets in Resources */,
				D8B38C1F2D9E5E9500909ADD /* Main.storyboard in Resources */,
				D8B38C202D9E5E9500909ADD /* PrivacyInfo.xcprivacy in Resources */,
				D8B38C222D9E5E9500909ADD /* LaunchScreen.storyboard in Resources */,
				D8B38C772D9E5F6C00909ADD /* LaunchScreen.storyboard in Resources */,
				D8B38C782D9E5F6C00909ADD /* Assets.xcassets in Resources */,
				D8B38C792D9E5F6C00909ADD /* Keys.json in Resources */,
				D8B38C7A2D9E5F6C00909ADD /* Main.storyboard in Resources */,
			);
			runOnlyForDeploymentPostprocessing = 0;
		};
/* End PBXResourcesBuildPhase section */

/* Begin PBXSourcesBuildPhase section */
		D8B38B7F2D9E5C7500909ADD /* Sources */ = {
			isa = PBXSourcesBuildPhase;
			buildActionMask = 2147483647;
			files = (
				D8B38C562D9E5F6C00909ADD /* Encodable+Extensions.swift in Sources */,
				D8B38C572D9E5F6C00909ADD /* ConfigTextFieldViewModel.swift in Sources */,
				D8B38C582D9E5F6C00909ADD /* ConfigActionView.swift in Sources */,
				D8B38C592D9E5F6C00909ADD /* String+Extensions.swift in Sources */,
				D8B38C5A2D9E5F6C00909ADD /* H5DemoViewController.swift in Sources */,
				D8B38C5B2D9E5F6C00909ADD /* APIClient.swift in Sources */,
				D8B38C5C2D9E5F6C00909ADD /* TopView.swift in Sources */,
				D8B38C5D2D9E5F6C00909ADD /* GetPaymentMethodsViewController.swift in Sources */,
				D8B38C5E2D9E5F6C00909ADD /* ConfigSwitchView.swift in Sources */,
				D8B38C5F2D9E5F6C00909ADD /* AirwallexSDKMode+Extensions.swift in Sources */,
				D8B38C602D9E5F6C00909ADD /* MockAPIClient.m in Sources */,
				D8B38C612D9E5F6C00909ADD /* PaymentIntentRequest.swift in Sources */,
				D8320E832D9E7F4500FC067A /* ExamplesKeys.swift in Sources */,
				D8B38C622D9E5F6C00909ADD /* GetCardConsentsViewController.swift in Sources */,
				D8B38C632D9E5F6C00909ADD /* HomeViewController.swift in Sources */,
				D8B38C642D9E5F6C00909ADD /* DemoDataSource.swift in Sources */,
				D8B38C652D9E5F6C00909ADD /* NSError+Extensions.swift in Sources */,
				D8B38C662D9E5F6C00909ADD /* KeyboardHandler.swift in Sources */,
				D8B38C672D9E5F6C00909ADD /* PurchaseOrder.swift in Sources */,
				D8B38C682D9E5F6C00909ADD /* ConfigTextField.swift in Sources */,
				D8B38C692D9E5F6C00909ADD /* IntegrationDemoListViewController.swift in Sources */,
				D8B38C6A2D9E5F6C00909ADD /* TextContentViewController.swift in Sources */,
				D8B38C6B2D9E5F6C00909ADD /* Customer.swift in Sources */,
				D8B38C6C2D9E5F6C00909ADD /* WebViewController.swift in Sources */,
				D8B38C6D2D9E5F6C00909ADD /* HomePageTitleView.swift in Sources */,
				D8B38C6F2D9E5F6C00909ADD /* CustomerRequest.swift in Sources */,
				D8B38C702D9E5F6C00909ADD /* DirectAPIClient.swift in Sources */,
				D8B38C712D9E5F6C00909ADD /* UIButton+Extension.swift in Sources */,
				D8B38C722D9E5F6C00909ADD /* SettingsViewController.swift in Sources */,
				D8B38C732D9E5F6C00909ADD /* PaymentResultViewController.swift in Sources */,
				D8B38C742D9E5F6C00909ADD /* UIViewController+Extensions.swift in Sources */,
				D8B38C752D9E5F6C00909ADD /* WeChatDemoViewController.swift in Sources */,
				D8B38C762D9E5F6C00909ADD /* DemoListView.swift in Sources */,
				D8B38C232D9E5E9500909ADD /* AppDelegate.swift in Sources */,
			);
			runOnlyForDeploymentPostprocessing = 0;
		};
/* End PBXSourcesBuildPhase section */

/* Begin PBXVariantGroup section */
		D8B38C1A2D9E5E9500909ADD /* LaunchScreen.storyboard */ = {
			isa = PBXVariantGroup;
			children = (
				D8B38C192D9E5E9500909ADD /* Base */,
			);
			name = LaunchScreen.storyboard;
			sourceTree = "<group>";
		};
		D8B38C1C2D9E5E9500909ADD /* Main.storyboard */ = {
			isa = PBXVariantGroup;
			children = (
				D8B38C1B2D9E5E9500909ADD /* Base */,
			);
			name = Main.storyboard;
			sourceTree = "<group>";
		};
		D8B38C422D9E5F6C00909ADD /* LaunchScreen.storyboard */ = {
			isa = PBXVariantGroup;
			children = (
				D8B38C412D9E5F6C00909ADD /* Base */,
			);
			name = LaunchScreen.storyboard;
			sourceTree = "<group>";
		};
		D8B38C442D9E5F6C00909ADD /* Main.storyboard */ = {
			isa = PBXVariantGroup;
			children = (
				D8B38C432D9E5F6C00909ADD /* Base */,
			);
			name = Main.storyboard;
			sourceTree = "<group>";
		};
/* End PBXVariantGroup section */

/* Begin XCBuildConfiguration section */
		D8B38B972D9E5C7600909ADD /* Debug */ = {
			isa = XCBuildConfiguration;
			buildSettings = {
				ASSETCATALOG_COMPILER_APPICON_NAME = AppIcon;
				ASSETCATALOG_COMPILER_GLOBAL_ACCENT_COLOR_NAME = AccentColor;
				CLANG_ENABLE_MODULES = YES;
				CODE_SIGN_ENTITLEMENTS = ExampleSPM/ExampleSPM.entitlements;
				CODE_SIGN_STYLE = Automatic;
				CURRENT_PROJECT_VERSION = 1;
				DEVELOPMENT_TEAM = K294E2HD3N;
				GENERATE_INFOPLIST_FILE = YES;
				INFOPLIST_FILE = ExampleSPM/Info.plist;
				INFOPLIST_KEY_CFBundleDisplayName = Airwallex;
				INFOPLIST_KEY_LSApplicationCategoryType = "public.app-category.developer-tools";
				INFOPLIST_KEY_UIApplicationSupportsIndirectInputEvents = YES;
				INFOPLIST_KEY_UILaunchStoryboardName = LaunchScreen;
				INFOPLIST_KEY_UIMainStoryboardFile = Main;
				INFOPLIST_KEY_UIRequiredDeviceCapabilities = armv7;
				INFOPLIST_KEY_UISupportedInterfaceOrientations_iPad = "UIInterfaceOrientationPortrait UIInterfaceOrientationPortraitUpsideDown UIInterfaceOrientationLandscapeLeft UIInterfaceOrientationLandscapeRight";
				INFOPLIST_KEY_UISupportedInterfaceOrientations_iPhone = "UIInterfaceOrientationPortrait UIInterfaceOrientationLandscapeLeft UIInterfaceOrientationLandscapeRight";
				IPHONEOS_DEPLOYMENT_TARGET = 13;
				LD_RUNPATH_SEARCH_PATHS = (
					"$(inherited)",
					"@executable_path/Frameworks",
				);
				MARKETING_VERSION = 1.0;
				PRODUCT_BUNDLE_IDENTIFIER = com.airwallex.paymentacceptance;
				PRODUCT_NAME = "$(TARGET_NAME)";
				SWIFT_EMIT_LOC_STRINGS = YES;
				SWIFT_OBJC_BRIDGING_HEADER = "ExampleSPM/ExampleSPM-Bridging-Header.h";
				SWIFT_OPTIMIZATION_LEVEL = "-Onone";
				SWIFT_VERSION = 5.0;
				TARGETED_DEVICE_FAMILY = "1,2";
			};
			name = Debug;
		};
		D8B38B982D9E5C7600909ADD /* Release */ = {
			isa = XCBuildConfiguration;
			buildSettings = {
				ASSETCATALOG_COMPILER_APPICON_NAME = AppIcon;
				ASSETCATALOG_COMPILER_GLOBAL_ACCENT_COLOR_NAME = AccentColor;
				CLANG_ENABLE_MODULES = YES;
				CODE_SIGN_ENTITLEMENTS = ExampleSPM/ExampleSPM.entitlements;
				CODE_SIGN_STYLE = Automatic;
				CURRENT_PROJECT_VERSION = 1;
				DEVELOPMENT_TEAM = K294E2HD3N;
				GENERATE_INFOPLIST_FILE = YES;
				INFOPLIST_FILE = ExampleSPM/Info.plist;
				INFOPLIST_KEY_CFBundleDisplayName = Airwallex;
				INFOPLIST_KEY_LSApplicationCategoryType = "public.app-category.developer-tools";
				INFOPLIST_KEY_UIApplicationSupportsIndirectInputEvents = YES;
				INFOPLIST_KEY_UILaunchStoryboardName = LaunchScreen;
				INFOPLIST_KEY_UIMainStoryboardFile = Main;
				INFOPLIST_KEY_UIRequiredDeviceCapabilities = armv7;
				INFOPLIST_KEY_UISupportedInterfaceOrientations_iPad = "UIInterfaceOrientationPortrait UIInterfaceOrientationPortraitUpsideDown UIInterfaceOrientationLandscapeLeft UIInterfaceOrientationLandscapeRight";
				INFOPLIST_KEY_UISupportedInterfaceOrientations_iPhone = "UIInterfaceOrientationPortrait UIInterfaceOrientationLandscapeLeft UIInterfaceOrientationLandscapeRight";
				IPHONEOS_DEPLOYMENT_TARGET = 13;
				LD_RUNPATH_SEARCH_PATHS = (
					"$(inherited)",
					"@executable_path/Frameworks",
				);
				MARKETING_VERSION = 1.0;
				PRODUCT_BUNDLE_IDENTIFIER = com.airwallex.paymentacceptance;
				PRODUCT_NAME = "$(TARGET_NAME)";
				SWIFT_EMIT_LOC_STRINGS = YES;
				SWIFT_OBJC_BRIDGING_HEADER = "ExampleSPM/ExampleSPM-Bridging-Header.h";
				SWIFT_VERSION = 5.0;
				TARGETED_DEVICE_FAMILY = "1,2";
			};
			name = Release;
		};
		D8B38B992D9E5C7600909ADD /* Debug */ = {
			isa = XCBuildConfiguration;
			buildSettings = {
				ALWAYS_SEARCH_USER_PATHS = NO;
				ASSETCATALOG_COMPILER_GENERATE_SWIFT_ASSET_SYMBOL_EXTENSIONS = YES;
				CLANG_ANALYZER_NONNULL = YES;
				CLANG_ANALYZER_NUMBER_OBJECT_CONVERSION = YES_AGGRESSIVE;
				CLANG_CXX_LANGUAGE_STANDARD = "gnu++20";
				CLANG_ENABLE_MODULES = YES;
				CLANG_ENABLE_OBJC_ARC = YES;
				CLANG_ENABLE_OBJC_WEAK = YES;
				CLANG_WARN_BLOCK_CAPTURE_AUTORELEASING = YES;
				CLANG_WARN_BOOL_CONVERSION = YES;
				CLANG_WARN_COMMA = YES;
				CLANG_WARN_CONSTANT_CONVERSION = YES;
				CLANG_WARN_DEPRECATED_OBJC_IMPLEMENTATIONS = YES;
				CLANG_WARN_DIRECT_OBJC_ISA_USAGE = YES_ERROR;
				CLANG_WARN_DOCUMENTATION_COMMENTS = YES;
				CLANG_WARN_EMPTY_BODY = YES;
				CLANG_WARN_ENUM_CONVERSION = YES;
				CLANG_WARN_INFINITE_RECURSION = YES;
				CLANG_WARN_INT_CONVERSION = YES;
				CLANG_WARN_NON_LITERAL_NULL_CONVERSION = YES;
				CLANG_WARN_OBJC_IMPLICIT_RETAIN_SELF = YES;
				CLANG_WARN_OBJC_LITERAL_CONVERSION = YES;
				CLANG_WARN_OBJC_ROOT_CLASS = YES_ERROR;
				CLANG_WARN_QUOTED_INCLUDE_IN_FRAMEWORK_HEADER = YES;
				CLANG_WARN_RANGE_LOOP_ANALYSIS = YES;
				CLANG_WARN_STRICT_PROTOTYPES = YES;
				CLANG_WARN_SUSPICIOUS_MOVE = YES;
				CLANG_WARN_UNGUARDED_AVAILABILITY = YES_AGGRESSIVE;
				CLANG_WARN_UNREACHABLE_CODE = YES;
				CLANG_WARN__DUPLICATE_METHOD_MATCH = YES;
				COPY_PHASE_STRIP = NO;
				DEBUG_INFORMATION_FORMAT = dwarf;
				ENABLE_STRICT_OBJC_MSGSEND = YES;
				ENABLE_TESTABILITY = YES;
				ENABLE_USER_SCRIPT_SANDBOXING = YES;
				GCC_C_LANGUAGE_STANDARD = gnu17;
				GCC_DYNAMIC_NO_PIC = NO;
				GCC_NO_COMMON_BLOCKS = YES;
				GCC_OPTIMIZATION_LEVEL = 0;
				GCC_PREPROCESSOR_DEFINITIONS = (
					"DEBUG=1",
					"$(inherited)",
				);
				GCC_WARN_64_TO_32_BIT_CONVERSION = YES;
				GCC_WARN_ABOUT_RETURN_TYPE = YES_ERROR;
				GCC_WARN_UNDECLARED_SELECTOR = YES;
				GCC_WARN_UNINITIALIZED_AUTOS = YES_AGGRESSIVE;
				GCC_WARN_UNUSED_FUNCTION = YES;
				GCC_WARN_UNUSED_VARIABLE = YES;
				IPHONEOS_DEPLOYMENT_TARGET = 18.2;
				LOCALIZATION_PREFERS_STRING_CATALOGS = YES;
				MTL_ENABLE_DEBUG_INFO = INCLUDE_SOURCE;
				MTL_FAST_MATH = YES;
				ONLY_ACTIVE_ARCH = YES;
				SDKROOT = iphoneos;
				SWIFT_ACTIVE_COMPILATION_CONDITIONS = "DEBUG $(inherited)";
				SWIFT_OPTIMIZATION_LEVEL = "-Onone";
			};
			name = Debug;
		};
		D8B38B9A2D9E5C7600909ADD /* Release */ = {
			isa = XCBuildConfiguration;
			buildSettings = {
				ALWAYS_SEARCH_USER_PATHS = NO;
				ASSETCATALOG_COMPILER_GENERATE_SWIFT_ASSET_SYMBOL_EXTENSIONS = YES;
				CLANG_ANALYZER_NONNULL = YES;
				CLANG_ANALYZER_NUMBER_OBJECT_CONVERSION = YES_AGGRESSIVE;
				CLANG_CXX_LANGUAGE_STANDARD = "gnu++20";
				CLANG_ENABLE_MODULES = YES;
				CLANG_ENABLE_OBJC_ARC = YES;
				CLANG_ENABLE_OBJC_WEAK = YES;
				CLANG_WARN_BLOCK_CAPTURE_AUTORELEASING = YES;
				CLANG_WARN_BOOL_CONVERSION = YES;
				CLANG_WARN_COMMA = YES;
				CLANG_WARN_CONSTANT_CONVERSION = YES;
				CLANG_WARN_DEPRECATED_OBJC_IMPLEMENTATIONS = YES;
				CLANG_WARN_DIRECT_OBJC_ISA_USAGE = YES_ERROR;
				CLANG_WARN_DOCUMENTATION_COMMENTS = YES;
				CLANG_WARN_EMPTY_BODY = YES;
				CLANG_WARN_ENUM_CONVERSION = YES;
				CLANG_WARN_INFINITE_RECURSION = YES;
				CLANG_WARN_INT_CONVERSION = YES;
				CLANG_WARN_NON_LITERAL_NULL_CONVERSION = YES;
				CLANG_WARN_OBJC_IMPLICIT_RETAIN_SELF = YES;
				CLANG_WARN_OBJC_LITERAL_CONVERSION = YES;
				CLANG_WARN_OBJC_ROOT_CLASS = YES_ERROR;
				CLANG_WARN_QUOTED_INCLUDE_IN_FRAMEWORK_HEADER = YES;
				CLANG_WARN_RANGE_LOOP_ANALYSIS = YES;
				CLANG_WARN_STRICT_PROTOTYPES = YES;
				CLANG_WARN_SUSPICIOUS_MOVE = YES;
				CLANG_WARN_UNGUARDED_AVAILABILITY = YES_AGGRESSIVE;
				CLANG_WARN_UNREACHABLE_CODE = YES;
				CLANG_WARN__DUPLICATE_METHOD_MATCH = YES;
				COPY_PHASE_STRIP = NO;
				DEBUG_INFORMATION_FORMAT = "dwarf-with-dsym";
				ENABLE_NS_ASSERTIONS = NO;
				ENABLE_STRICT_OBJC_MSGSEND = YES;
				ENABLE_USER_SCRIPT_SANDBOXING = YES;
				GCC_C_LANGUAGE_STANDARD = gnu17;
				GCC_NO_COMMON_BLOCKS = YES;
				GCC_WARN_64_TO_32_BIT_CONVERSION = YES;
				GCC_WARN_ABOUT_RETURN_TYPE = YES_ERROR;
				GCC_WARN_UNDECLARED_SELECTOR = YES;
				GCC_WARN_UNINITIALIZED_AUTOS = YES_AGGRESSIVE;
				GCC_WARN_UNUSED_FUNCTION = YES;
				GCC_WARN_UNUSED_VARIABLE = YES;
				IPHONEOS_DEPLOYMENT_TARGET = 18.2;
				LOCALIZATION_PREFERS_STRING_CATALOGS = YES;
				MTL_ENABLE_DEBUG_INFO = NO;
				MTL_FAST_MATH = YES;
				SDKROOT = iphoneos;
				SWIFT_COMPILATION_MODE = wholemodule;
				VALIDATE_PRODUCT = YES;
			};
			name = Release;
		};
/* End XCBuildConfiguration section */

/* Begin XCConfigurationList section */
		D8B38B7E2D9E5C7500909ADD /* Build configuration list for PBXProject "ExampleSPM" */ = {
			isa = XCConfigurationList;
			buildConfigurations = (
				D8B38B992D9E5C7600909ADD /* Debug */,
				D8B38B9A2D9E5C7600909ADD /* Release */,
			);
			defaultConfigurationIsVisible = 0;
			defaultConfigurationName = Release;
		};
		D8B38B962D9E5C7600909ADD /* Build configuration list for PBXNativeTarget "ExampleSPM" */ = {
			isa = XCConfigurationList;
			buildConfigurations = (
				D8B38B972D9E5C7600909ADD /* Debug */,
				D8B38B982D9E5C7600909ADD /* Release */,
			);
			defaultConfigurationIsVisible = 0;
			defaultConfigurationName = Release;
		};
/* End XCConfigurationList section */

/* Begin XCLocalSwiftPackageReference section */
		D8B38C7B2D9E5FA200909ADD /* XCLocalSwiftPackageReference "../../airwallex-payment-ios" */ = {
			isa = XCLocalSwiftPackageReference;
			relativePath = "../../airwallex-payment-ios";
		};
/* End XCLocalSwiftPackageReference section */

/* Begin XCSwiftPackageProductDependency section */
		D8B38C7C2D9E5FA200909ADD /* Airwallex */ = {
			isa = XCSwiftPackageProductDependency;
			productName = Airwallex;
		};
/* End XCSwiftPackageProductDependency section */
	};
	rootObject = D8B38B7B2D9E5C7500909ADD /* Project object */;
}
