PODS:
  - Airwallex (1.0)
  - SVProgressHUD (2.2.5)

DEPENDENCIES:
  - Airwallex (from `../`)
  - SVProgressHUD (= 2.2.5)

SPEC REPOS:
  trunk:
    - SVProgressHUD

EXTERNAL SOURCES:
  Airwallex:
    :path: "../"

SPEC CHECKSUMS:
  Airwallex: c6f23ba99b7add46ba02f45921a8d0ae5c27835c
  SVProgressHUD: 1428aafac632c1f86f62aa4243ec12008d7a51d6

PODFILE CHECKSUM: 62a376769f21190c3cb30e07402de86d1b39b5c2

COCOAPODS: 1.8.4
