PODS:
  - Airwallex (1.0):
    - SVProgressHUD
  - SVProgressHUD (2.2.5)

DEPENDENCIES:
  - Airwallex (from `../`)

SPEC REPOS:
  trunk:
    - SVProgressHUD

EXTERNAL SOURCES:
  Airwallex:
    :path: "../"

SPEC CHECKSUMS:
  Airwallex: fca3ffc3b67f5f8eecd05d0704414df4c2406231
  SVProgressHUD: 1428aafac632c1f86f62aa4243ec12008d7a51d6

PODFILE CHECKSUM: 4f34921d814a0c656f1364e1b64241b72f693ea1

COCOAPODS: 1.8.4
