// !$*UTF8*$!
{
	archiveVersion = 1;
	classes = {
	};
	objectVersion = 63;
	objects = {

/* Begin PBXBuildFile section */
		085BD3F923CC64B6002E8F27 /* Main.storyboard in Resources */ = {isa = PBXBuildFile; fileRef = 085BD3F723CC64B6002E8F27 /* Main.storyboard */; };
		085BD3FB23CC64B9002E8F27 /* Assets.xcassets in Resources */ = {isa = PBXBuildFile; fileRef = 085BD3FA23CC64B9002E8F27 /* Assets.xcassets */; };
		085BD3FE23CC64B9002E8F27 /* LaunchScreen.storyboard in Resources */ = {isa = PBXBuildFile; fileRef = 085BD3FC23CC64B9002E8F27 /* LaunchScreen.storyboard */; };
		088F3E8323CEB7FF005AE40F /* MockAPIClient.m in Sources */ = {isa = PBXBuildFile; fileRef = 088F3E8223CEB7FF005AE40F /* MockAPIClient.m */; };
		182F1CE02C8F09F2000B993D /* String+Extensions.swift in Sources */ = {isa = PBXBuildFile; fileRef = 182F1CDF2C8F09F1000B993D /* String+Extensions.swift */; };
		182F1CE52C903747000B993D /* DirectAPIClient.swift in Sources */ = {isa = PBXBuildFile; fileRef = 182F1CE42C903747000B993D /* DirectAPIClient.swift */; };
		182F1CE72C903B18000B993D /* Encodable+Extensions.swift in Sources */ = {isa = PBXBuildFile; fileRef = 182F1CE62C903B18000B993D /* Encodable+Extensions.swift */; };
		1859F1972C89A6290017FA4D /* APIClient.swift in Sources */ = {isa = PBXBuildFile; fileRef = 1859F1962C89A6290017FA4D /* APIClient.swift */; };
		1859F1992C89AAB50017FA4D /* PaymentIntentRequest.swift in Sources */ = {isa = PBXBuildFile; fileRef = 1859F1982C89AAB50017FA4D /* PaymentIntentRequest.swift */; };
		1859F19B2C89B0C40017FA4D /* PurchaseOrder.swift in Sources */ = {isa = PBXBuildFile; fileRef = 1859F19A2C89B0C40017FA4D /* PurchaseOrder.swift */; };
		1859F19D2C8A9EE90017FA4D /* NSError+Extensions.swift in Sources */ = {isa = PBXBuildFile; fileRef = 1859F19C2C8A9EE90017FA4D /* NSError+Extensions.swift */; };
		1859F19F2C8AA6700017FA4D /* CustomerRequest.swift in Sources */ = {isa = PBXBuildFile; fileRef = 1859F19E2C8AA6700017FA4D /* CustomerRequest.swift */; };
		18ADC9992C8AACF900A775BB /* Customer.swift in Sources */ = {isa = PBXBuildFile; fileRef = 18ADC9982C8AACF900A775BB /* Customer.swift */; };
		624A55DF282EE70E4D58E3E1 /* Pods_Examples.framework in Frameworks */ = {isa = PBXBuildFile; fileRef = 996C9E5BE5128DD2B08093BE /* Pods_Examples.framework */; };
		D805CC882DB0FED600693929 /* MockViewController.m in Sources */ = {isa = PBXBuildFile; fileRef = D805CC872DB0FED600693929 /* MockViewController.m */; };
		D80F0E222D5C6CF200401BA6 /* WebViewController.swift in Sources */ = {isa = PBXBuildFile; fileRef = D80F0E212D5C6CF200401BA6 /* WebViewController.swift */; };
		D80F0E242D5C769100401BA6 /* PaymentResultViewController.swift in Sources */ = {isa = PBXBuildFile; fileRef = D80F0E232D5C769100401BA6 /* PaymentResultViewController.swift */; };
		D80F0E292D5C856600401BA6 /* ExamplesKeys.swift in Sources */ = {isa = PBXBuildFile; fileRef = D80F0E282D5C856600401BA6 /* ExamplesKeys.swift */; };
		D80F0E312D5DC4BE00401BA6 /* AirwallexSDKMode+Extensions.swift in Sources */ = {isa = PBXBuildFile; fileRef = D80F0E302D5DC4B400401BA6 /* AirwallexSDKMode+Extensions.swift */; };
		D80F0E332D5DD04C00401BA6 /* DemoDataSource.swift in Sources */ = {isa = PBXBuildFile; fileRef = D80F0E322D5DD04C00401BA6 /* DemoDataSource.swift */; };
		D8193D5C2D01B8F8008C8DA8 /* PrivacyInfo.xcprivacy in Resources */ = {isa = PBXBuildFile; fileRef = D8193D5B2D01B8F8008C8DA8 /* PrivacyInfo.xcprivacy */; };
		D81EAF692D3F474100B44784 /* UIViewController+Extensions.swift in Sources */ = {isa = PBXBuildFile; fileRef = D81EAF682D3F474100B44784 /* UIViewController+Extensions.swift */; };
		D81EAF6C2D3F6C1F00B44784 /* WeChatDemoViewController.swift in Sources */ = {isa = PBXBuildFile; fileRef = D81EAF6B2D3F6C1F00B44784 /* WeChatDemoViewController.swift */; };
		D81EAF742D3F8B8F00B44784 /* ConfigTextField.swift in Sources */ = {isa = PBXBuildFile; fileRef = D81EAF6E2D3F8B8F00B44784 /* ConfigTextField.swift */; };
		D81EAF752D3F8B8F00B44784 /* ConfigTextFieldViewModel.swift in Sources */ = {isa = PBXBuildFile; fileRef = D81EAF6F2D3F8B8F00B44784 /* ConfigTextFieldViewModel.swift */; };
		D81EAF772D3F8B8F00B44784 /* KeyboardHandler.swift in Sources */ = {isa = PBXBuildFile; fileRef = D81EAF712D3F8B8F00B44784 /* KeyboardHandler.swift */; };
		D81EAF782D3F8B8F00B44784 /* UIButton+Extension.swift in Sources */ = {isa = PBXBuildFile; fileRef = D81EAF722D3F8B8F00B44784 /* UIButton+Extension.swift */; };
		D81EAF7B2D3F8BE200B44784 /* IntegrationDemoListViewController.swift in Sources */ = {isa = PBXBuildFile; fileRef = D81EAF7A2D3F8BE200B44784 /* IntegrationDemoListViewController.swift */; };
		D81EAF7D2D3F92D300B44784 /* ConfigActionView.swift in Sources */ = {isa = PBXBuildFile; fileRef = D81EAF7C2D3F92D300B44784 /* ConfigActionView.swift */; };
		D81EAF812D3FAAC600B44784 /* TopView.swift in Sources */ = {isa = PBXBuildFile; fileRef = D81EAF802D3FAABA00B44784 /* TopView.swift */; };
		D81EAFA62D41DA1E00B44784 /* GetPaymentMethodsViewController.swift in Sources */ = {isa = PBXBuildFile; fileRef = D81EAFA52D41DA1C00B44784 /* GetPaymentMethodsViewController.swift */; };
		D823D8E02DDC36E500B27CA1 /* CheckoutMode.swift in Sources */ = {isa = PBXBuildFile; fileRef = D823D8DF2DDC36E500B27CA1 /* CheckoutMode.swift */; };
		D823D8E12DDC36F400B27CA1 /* CheckoutMode.swift in Sources */ = {isa = PBXBuildFile; fileRef = D823D8DF2DDC36E500B27CA1 /* CheckoutMode.swift */; };
		D8331FF02DB0E63300D85575 /* Keys.json in Resources */ = {isa = PBXBuildFile; fileRef = D8B38C252D9E5F2B00909ADD /* Keys.json */; };
		D872B35A2D5DFA24007BC089 /* DemoListView.swift in Sources */ = {isa = PBXBuildFile; fileRef = D872B3592D5DFA1A007BC089 /* DemoListView.swift */; };
		D89C7AEB2D422CA70042FC3B /* TextContentViewController.swift in Sources */ = {isa = PBXBuildFile; fileRef = D89C7AEA2D422CA70042FC3B /* TextContentViewController.swift */; };
		D89C7AED2D423AD60042FC3B /* GetCardConsentsViewController.swift in Sources */ = {isa = PBXBuildFile; fileRef = D89C7AEC2D423AD60042FC3B /* GetCardConsentsViewController.swift */; };
		D89C7AF32D424C890042FC3B /* SettingsViewController.swift in Sources */ = {isa = PBXBuildFile; fileRef = D89C7AF22D424C890042FC3B /* SettingsViewController.swift */; };
		D89C7AF52D432D900042FC3B /* ConfigSwitchView.swift in Sources */ = {isa = PBXBuildFile; fileRef = D89C7AF42D432D900042FC3B /* ConfigSwitchView.swift */; };
		D8A599A92DAF841E0045BFEC /* ConfigEntryView.swift in Sources */ = {isa = PBXBuildFile; fileRef = D8A599A82DAF841E0045BFEC /* ConfigEntryView.swift */; };
		D8A599AB2DAF88440045BFEC /* BillingFieldsSettingViewController.swift in Sources */ = {isa = PBXBuildFile; fileRef = D8A599AA2DAF88440045BFEC /* BillingFieldsSettingViewController.swift */; };
		D8AEAA8B2E4458A700683280 /* demo.html in Resources */ = {isa = PBXBuildFile; fileRef = D8AEAA8A2E4458A700683280 /* demo.html */; };
		D8AEAA8D2E44594B00683280 /* HPPDemoController.swift in Sources */ = {isa = PBXBuildFile; fileRef = D8AEAA8C2E44594B00683280 /* HPPDemoController.swift */; };
		D8BDF8682D3E1E3E00C9AE72 /* HomeViewController.swift in Sources */ = {isa = PBXBuildFile; fileRef = D8BDF8652D3E1E3E00C9AE72 /* HomeViewController.swift */; };
		D8BDF8702D3E206700C9AE72 /* H5DemoViewController.swift in Sources */ = {isa = PBXBuildFile; fileRef = D8BDF86F2D3E206700C9AE72 /* H5DemoViewController.swift */; };
		D8BDF8802D3F3B4B00C9AE72 /* HomePageTitleView.swift in Sources */ = {isa = PBXBuildFile; fileRef = D8BDF87F2D3F3B4B00C9AE72 /* HomePageTitleView.swift */; };
		D8C8CA7A2E695CFF00A2B5E8 /* CardRegisteredUserUnifiedSessionTests.swift in Sources */ = {isa = PBXBuildFile; fileRef = D8C8CA792E695CFF00A2B5E8 /* CardRegisteredUserUnifiedSessionTests.swift */; };
		D8D506472E3CB7060098CACD /* HomeScreen.swift in Sources */ = {isa = PBXBuildFile; fileRef = D8D506372E3CB7060098CACD /* HomeScreen.swift */; };
		D8D506482E3CB7060098CACD /* IntegrationDemoScreen.swift in Sources */ = {isa = PBXBuildFile; fileRef = D8D506382E3CB7060098CACD /* IntegrationDemoScreen.swift */; };
		D8D506492E3CB7060098CACD /* SettingsScreen.swift in Sources */ = {isa = PBXBuildFile; fileRef = D8D506392E3CB7060098CACD /* SettingsScreen.swift */; };
		D8D5064A2E3CB7060098CACD /* ApplePaymentSheet.swift in Sources */ = {isa = PBXBuildFile; fileRef = D8D5063B2E3CB7060098CACD /* ApplePaymentSheet.swift */; };
		D8D5064B2E3CB7060098CACD /* CardPaymentScreen.swift in Sources */ = {isa = PBXBuildFile; fileRef = D8D5063C2E3CB7060098CACD /* CardPaymentScreen.swift */; };
		D8D5064C2E3CB7060098CACD /* ConsentPaymentScreen.swift in Sources */ = {isa = PBXBuildFile; fileRef = D8D5063D2E3CB7060098CACD /* ConsentPaymentScreen.swift */; };
		D8D5064D2E3CB7060098CACD /* PaymentSheetScreen.swift in Sources */ = {isa = PBXBuildFile; fileRef = D8D5063E2E3CB7060098CACD /* PaymentSheetScreen.swift */; };
		D8D5064E2E3CB7060098CACD /* ThreeDSScreen.swift in Sources */ = {isa = PBXBuildFile; fileRef = D8D5063F2E3CB7060098CACD /* ThreeDSScreen.swift */; };
		D8D5064F2E3CB7060098CACD /* ApplePayTests.swift in Sources */ = {isa = PBXBuildFile; fileRef = D8D506422E3CB7060098CACD /* ApplePayTests.swift */; };
		D8D506502E3CB7060098CACD /* CardGuestUserCheckoutTests.swift in Sources */ = {isa = PBXBuildFile; fileRef = D8D506432E3CB7060098CACD /* CardGuestUserCheckoutTests.swift */; };
		D8D506512E3CB7060098CACD /* CardRegisteredUserCheckoutTests.swift in Sources */ = {isa = PBXBuildFile; fileRef = D8D506442E3CB7060098CACD /* CardRegisteredUserCheckoutTests.swift */; };
		D8D506522E3CB7060098CACD /* UITestingUtils.swift in Sources */ = {isa = PBXBuildFile; fileRef = D8D506452E3CB7060098CACD /* UITestingUtils.swift */; };
		D8EB808A2D67067200C2F975 /* AppDelegate.swift in Sources */ = {isa = PBXBuildFile; fileRef = D8EB80892D67067200C2F975 /* AppDelegate.swift */; };
		D8F84B852DDC1BDC0020C73F /* AccessibilityIdentifiers.swift in Sources */ = {isa = PBXBuildFile; fileRef = D8F84B842DDC1BDC0020C73F /* AccessibilityIdentifiers.swift */; };
		D8F84B862DDC1DD70020C73F /* AccessibilityIdentifiers.swift in Sources */ = {isa = PBXBuildFile; fileRef = D8F84B842DDC1BDC0020C73F /* AccessibilityIdentifiers.swift */; };
/* End PBXBuildFile section */

/* Begin PBXContainerItemProxy section */
		D8F268B92DDADDE000E84D64 /* PBXContainerItemProxy */ = {
			isa = PBXContainerItemProxy;
			containerPortal = 085BD3E323CC64B6002E8F27 /* Project object */;
			proxyType = 1;
			remoteGlobalIDString = 085BD3EA23CC64B6002E8F27;
			remoteInfo = Examples;
		};
/* End PBXContainerItemProxy section */

/* Begin PBXCopyFilesBuildPhase section */
		D866FA6D2DA7BAA20062BC5A /* Embed Frameworks */ = {
			isa = PBXCopyFilesBuildPhase;
			buildActionMask = 2147483647;
			dstPath = "";
			dstSubfolderSpec = 10;
			files = (
			);
			name = "Embed Frameworks";
			runOnlyForDeploymentPostprocessing = 0;
		};
/* End PBXCopyFilesBuildPhase section */

/* Begin PBXFileReference section */
		085BD3EB23CC64B6002E8F27 /* Examples.app */ = {isa = PBXFileReference; explicitFileType = wrapper.application; includeInIndex = 0; path = Examples.app; sourceTree = BUILT_PRODUCTS_DIR; };
		085BD3F823CC64B6002E8F27 /* Base */ = {isa = PBXFileReference; lastKnownFileType = file.storyboard; name = Base; path = Base.lproj/Main.storyboard; sourceTree = "<group>"; };
		085BD3FA23CC64B9002E8F27 /* Assets.xcassets */ = {isa = PBXFileReference; lastKnownFileType = folder.assetcatalog; path = Assets.xcassets; sourceTree = "<group>"; };
		085BD3FD23CC64B9002E8F27 /* Base */ = {isa = PBXFileReference; lastKnownFileType = file.storyboard; name = Base; path = Base.lproj/LaunchScreen.storyboard; sourceTree = "<group>"; };
		085BD3FF23CC64B9002E8F27 /* Info.plist */ = {isa = PBXFileReference; lastKnownFileType = text.plist.xml; path = Info.plist; sourceTree = "<group>"; };
		088F3E8123CEB7FF005AE40F /* MockAPIClient.h */ = {isa = PBXFileReference; lastKnownFileType = sourcecode.c.h; path = MockAPIClient.h; sourceTree = "<group>"; };
		088F3E8223CEB7FF005AE40F /* MockAPIClient.m */ = {isa = PBXFileReference; lastKnownFileType = sourcecode.c.objc; path = MockAPIClient.m; sourceTree = "<group>"; };
		08B55E372421D8C60054E254 /* Airwallex.framework */ = {isa = PBXFileReference; explicitFileType = wrapper.framework; path = Airwallex.framework; sourceTree = BUILT_PRODUCTS_DIR; };
		182F1CDF2C8F09F1000B993D /* String+Extensions.swift */ = {isa = PBXFileReference; lastKnownFileType = sourcecode.swift; path = "String+Extensions.swift"; sourceTree = "<group>"; };
		182F1CE42C903747000B993D /* DirectAPIClient.swift */ = {isa = PBXFileReference; lastKnownFileType = sourcecode.swift; path = DirectAPIClient.swift; sourceTree = "<group>"; };
		182F1CE62C903B18000B993D /* Encodable+Extensions.swift */ = {isa = PBXFileReference; lastKnownFileType = sourcecode.swift; path = "Encodable+Extensions.swift"; sourceTree = "<group>"; };
		1859F1962C89A6290017FA4D /* APIClient.swift */ = {isa = PBXFileReference; lastKnownFileType = sourcecode.swift; path = APIClient.swift; sourceTree = "<group>"; };
		1859F1982C89AAB50017FA4D /* PaymentIntentRequest.swift */ = {isa = PBXFileReference; lastKnownFileType = sourcecode.swift; path = PaymentIntentRequest.swift; sourceTree = "<group>"; };
		1859F19A2C89B0C40017FA4D /* PurchaseOrder.swift */ = {isa = PBXFileReference; lastKnownFileType = sourcecode.swift; path = PurchaseOrder.swift; sourceTree = "<group>"; };
		1859F19C2C8A9EE90017FA4D /* NSError+Extensions.swift */ = {isa = PBXFileReference; lastKnownFileType = sourcecode.swift; path = "NSError+Extensions.swift"; sourceTree = "<group>"; };
		1859F19E2C8AA6700017FA4D /* CustomerRequest.swift */ = {isa = PBXFileReference; lastKnownFileType = sourcecode.swift; path = CustomerRequest.swift; sourceTree = "<group>"; };
		18ADC9982C8AACF900A775BB /* Customer.swift */ = {isa = PBXFileReference; lastKnownFileType = sourcecode.swift; path = Customer.swift; sourceTree = "<group>"; };
		18ADC99C2C8ACCA000A775BB /* Examples-Bridging-Header.h */ = {isa = PBXFileReference; lastKnownFileType = sourcecode.c.h; path = "Examples-Bridging-Header.h"; sourceTree = "<group>"; };
		3C5A37D427EAF68F00CFC2EF /* Examples.entitlements */ = {isa = PBXFileReference; lastKnownFileType = text.plist.entitlements; path = Examples.entitlements; sourceTree = "<group>"; };
		57CEC82526E6005000695740 /* Card.framework */ = {isa = PBXFileReference; explicitFileType = wrapper.framework; path = Card.framework; sourceTree = BUILT_PRODUCTS_DIR; };
		57CEC82726E6005400695740 /* Redirect.framework */ = {isa = PBXFileReference; explicitFileType = wrapper.framework; path = Redirect.framework; sourceTree = BUILT_PRODUCTS_DIR; };
		57CEC82926E6005700695740 /* WeChatPay.framework */ = {isa = PBXFileReference; explicitFileType = wrapper.framework; path = WeChatPay.framework; sourceTree = BUILT_PRODUCTS_DIR; };
		57CEC82B26E6007100695740 /* Card.framework */ = {isa = PBXFileReference; explicitFileType = wrapper.framework; path = Card.framework; sourceTree = BUILT_PRODUCTS_DIR; };
		57CEC82D26E6007400695740 /* Redirect.framework */ = {isa = PBXFileReference; explicitFileType = wrapper.framework; path = Redirect.framework; sourceTree = BUILT_PRODUCTS_DIR; };
		57CEC82F26E6007700695740 /* WeChatPay.framework */ = {isa = PBXFileReference; explicitFileType = wrapper.framework; path = WeChatPay.framework; sourceTree = BUILT_PRODUCTS_DIR; };
		57CEC83126E6007C00695740 /* Card.framework */ = {isa = PBXFileReference; explicitFileType = wrapper.framework; path = Card.framework; sourceTree = BUILT_PRODUCTS_DIR; };
		57CEC83326E6007F00695740 /* Redirect.framework */ = {isa = PBXFileReference; explicitFileType = wrapper.framework; path = Redirect.framework; sourceTree = BUILT_PRODUCTS_DIR; };
		57CEC83526E6008100695740 /* WeChatPay.framework */ = {isa = PBXFileReference; explicitFileType = wrapper.framework; path = WeChatPay.framework; sourceTree = BUILT_PRODUCTS_DIR; };
		6491D65B6ED750880767C7FC /* Pods-Examples.release.xcconfig */ = {isa = PBXFileReference; includeInIndex = 1; lastKnownFileType = text.xcconfig; name = "Pods-Examples.release.xcconfig"; path = "Target Support Files/Pods-Examples/Pods-Examples.release.xcconfig"; sourceTree = "<group>"; };
		996C9E5BE5128DD2B08093BE /* Pods_Examples.framework */ = {isa = PBXFileReference; explicitFileType = wrapper.framework; includeInIndex = 0; path = Pods_Examples.framework; sourceTree = BUILT_PRODUCTS_DIR; };
		CD2A5440429742B88AB2C21D /* Pods-Examples.debug.xcconfig */ = {isa = PBXFileReference; includeInIndex = 1; lastKnownFileType = text.xcconfig; name = "Pods-Examples.debug.xcconfig"; path = "Target Support Files/Pods-Examples/Pods-Examples.debug.xcconfig"; sourceTree = "<group>"; };
		D801CB832DCA163900D2BD27 /* AirwallexPayment.framework */ = {isa = PBXFileReference; explicitFileType = wrapper.framework; path = AirwallexPayment.framework; sourceTree = BUILT_PRODUCTS_DIR; };
		D805CC862DB0FED600693929 /* MockViewController.h */ = {isa = PBXFileReference; lastKnownFileType = sourcecode.c.h; path = MockViewController.h; sourceTree = "<group>"; };
		D805CC872DB0FED600693929 /* MockViewController.m */ = {isa = PBXFileReference; lastKnownFileType = sourcecode.c.objc; path = MockViewController.m; sourceTree = "<group>"; };
		D80F0E212D5C6CF200401BA6 /* WebViewController.swift */ = {isa = PBXFileReference; lastKnownFileType = sourcecode.swift; path = WebViewController.swift; sourceTree = "<group>"; };
		D80F0E232D5C769100401BA6 /* PaymentResultViewController.swift */ = {isa = PBXFileReference; lastKnownFileType = sourcecode.swift; path = PaymentResultViewController.swift; sourceTree = "<group>"; };
		D80F0E282D5C856600401BA6 /* ExamplesKeys.swift */ = {isa = PBXFileReference; lastKnownFileType = sourcecode.swift; path = ExamplesKeys.swift; sourceTree = "<group>"; };
		D80F0E302D5DC4B400401BA6 /* AirwallexSDKMode+Extensions.swift */ = {isa = PBXFileReference; lastKnownFileType = sourcecode.swift; path = "AirwallexSDKMode+Extensions.swift"; sourceTree = "<group>"; };
		D80F0E322D5DD04C00401BA6 /* DemoDataSource.swift */ = {isa = PBXFileReference; lastKnownFileType = sourcecode.swift; path = DemoDataSource.swift; sourceTree = "<group>"; };
		D8193D5B2D01B8F8008C8DA8 /* PrivacyInfo.xcprivacy */ = {isa = PBXFileReference; lastKnownFileType = text.xml; path = PrivacyInfo.xcprivacy; sourceTree = "<group>"; };
		D81EAF682D3F474100B44784 /* UIViewController+Extensions.swift */ = {isa = PBXFileReference; lastKnownFileType = sourcecode.swift; path = "UIViewController+Extensions.swift"; sourceTree = "<group>"; };
		D81EAF6B2D3F6C1F00B44784 /* WeChatDemoViewController.swift */ = {isa = PBXFileReference; lastKnownFileType = sourcecode.swift; path = WeChatDemoViewController.swift; sourceTree = "<group>"; };
		D81EAF6E2D3F8B8F00B44784 /* ConfigTextField.swift */ = {isa = PBXFileReference; lastKnownFileType = sourcecode.swift; path = ConfigTextField.swift; sourceTree = "<group>"; };
		D81EAF6F2D3F8B8F00B44784 /* ConfigTextFieldViewModel.swift */ = {isa = PBXFileReference; lastKnownFileType = sourcecode.swift; path = ConfigTextFieldViewModel.swift; sourceTree = "<group>"; };
		D81EAF712D3F8B8F00B44784 /* KeyboardHandler.swift */ = {isa = PBXFileReference; lastKnownFileType = sourcecode.swift; path = KeyboardHandler.swift; sourceTree = "<group>"; };
		D81EAF722D3F8B8F00B44784 /* UIButton+Extension.swift */ = {isa = PBXFileReference; lastKnownFileType = sourcecode.swift; path = "UIButton+Extension.swift"; sourceTree = "<group>"; };
		D81EAF7A2D3F8BE200B44784 /* IntegrationDemoListViewController.swift */ = {isa = PBXFileReference; lastKnownFileType = sourcecode.swift; path = IntegrationDemoListViewController.swift; sourceTree = "<group>"; };
		D81EAF7C2D3F92D300B44784 /* ConfigActionView.swift */ = {isa = PBXFileReference; lastKnownFileType = sourcecode.swift; path = ConfigActionView.swift; sourceTree = "<group>"; };
		D81EAF802D3FAABA00B44784 /* TopView.swift */ = {isa = PBXFileReference; lastKnownFileType = sourcecode.swift; path = TopView.swift; sourceTree = "<group>"; };
		D81EAFA52D41DA1C00B44784 /* GetPaymentMethodsViewController.swift */ = {isa = PBXFileReference; lastKnownFileType = sourcecode.swift; path = GetPaymentMethodsViewController.swift; sourceTree = "<group>"; };
		D823D8DF2DDC36E500B27CA1 /* CheckoutMode.swift */ = {isa = PBXFileReference; lastKnownFileType = sourcecode.swift; path = CheckoutMode.swift; sourceTree = "<group>"; };
		D872B3592D5DFA1A007BC089 /* DemoListView.swift */ = {isa = PBXFileReference; lastKnownFileType = sourcecode.swift; path = DemoListView.swift; sourceTree = "<group>"; };
		D89C7AEA2D422CA70042FC3B /* TextContentViewController.swift */ = {isa = PBXFileReference; lastKnownFileType = sourcecode.swift; path = TextContentViewController.swift; sourceTree = "<group>"; };
		D89C7AEC2D423AD60042FC3B /* GetCardConsentsViewController.swift */ = {isa = PBXFileReference; lastKnownFileType = sourcecode.swift; path = GetCardConsentsViewController.swift; sourceTree = "<group>"; };
		D89C7AF22D424C890042FC3B /* SettingsViewController.swift */ = {isa = PBXFileReference; lastKnownFileType = sourcecode.swift; path = SettingsViewController.swift; sourceTree = "<group>"; };
		D89C7AF42D432D900042FC3B /* ConfigSwitchView.swift */ = {isa = PBXFileReference; lastKnownFileType = sourcecode.swift; path = ConfigSwitchView.swift; sourceTree = "<group>"; };
		D8A599A82DAF841E0045BFEC /* ConfigEntryView.swift */ = {isa = PBXFileReference; lastKnownFileType = sourcecode.swift; path = ConfigEntryView.swift; sourceTree = "<group>"; };
		D8A599AA2DAF88440045BFEC /* BillingFieldsSettingViewController.swift */ = {isa = PBXFileReference; lastKnownFileType = sourcecode.swift; path = BillingFieldsSettingViewController.swift; sourceTree = "<group>"; };
		D8AEAA8A2E4458A700683280 /* demo.html */ = {isa = PBXFileReference; lastKnownFileType = text.html; path = demo.html; sourceTree = "<group>"; };
		D8AEAA8C2E44594B00683280 /* HPPDemoController.swift */ = {isa = PBXFileReference; lastKnownFileType = sourcecode.swift; path = HPPDemoController.swift; sourceTree = "<group>"; };
		D8B38C252D9E5F2B00909ADD /* Keys.json */ = {isa = PBXFileReference; lastKnownFileType = text.json; path = Keys.json; sourceTree = "<group>"; };
		D8BDF8652D3E1E3E00C9AE72 /* HomeViewController.swift */ = {isa = PBXFileReference; lastKnownFileType = sourcecode.swift; path = HomeViewController.swift; sourceTree = "<group>"; };
		D8BDF86F2D3E206700C9AE72 /* H5DemoViewController.swift */ = {isa = PBXFileReference; lastKnownFileType = sourcecode.swift; path = H5DemoViewController.swift; sourceTree = "<group>"; };
		D8BDF87F2D3F3B4B00C9AE72 /* HomePageTitleView.swift */ = {isa = PBXFileReference; lastKnownFileType = sourcecode.swift; path = HomePageTitleView.swift; sourceTree = "<group>"; };
		D8C8CA792E695CFF00A2B5E8 /* CardRegisteredUserUnifiedSessionTests.swift */ = {isa = PBXFileReference; lastKnownFileType = sourcecode.swift; path = CardRegisteredUserUnifiedSessionTests.swift; sourceTree = "<group>"; };
		D8D506372E3CB7060098CACD /* HomeScreen.swift */ = {isa = PBXFileReference; lastKnownFileType = sourcecode.swift; path = HomeScreen.swift; sourceTree = "<group>"; };
		D8D506382E3CB7060098CACD /* IntegrationDemoScreen.swift */ = {isa = PBXFileReference; lastKnownFileType = sourcecode.swift; path = IntegrationDemoScreen.swift; sourceTree = "<group>"; };
		D8D506392E3CB7060098CACD /* SettingsScreen.swift */ = {isa = PBXFileReference; lastKnownFileType = sourcecode.swift; path = SettingsScreen.swift; sourceTree = "<group>"; };
		D8D5063B2E3CB7060098CACD /* ApplePaymentSheet.swift */ = {isa = PBXFileReference; lastKnownFileType = sourcecode.swift; path = ApplePaymentSheet.swift; sourceTree = "<group>"; };
		D8D5063C2E3CB7060098CACD /* CardPaymentScreen.swift */ = {isa = PBXFileReference; lastKnownFileType = sourcecode.swift; path = CardPaymentScreen.swift; sourceTree = "<group>"; };
		D8D5063D2E3CB7060098CACD /* ConsentPaymentScreen.swift */ = {isa = PBXFileReference; lastKnownFileType = sourcecode.swift; path = ConsentPaymentScreen.swift; sourceTree = "<group>"; };
		D8D5063E2E3CB7060098CACD /* PaymentSheetScreen.swift */ = {isa = PBXFileReference; lastKnownFileType = sourcecode.swift; path = PaymentSheetScreen.swift; sourceTree = "<group>"; };
		D8D5063F2E3CB7060098CACD /* ThreeDSScreen.swift */ = {isa = PBXFileReference; lastKnownFileType = sourcecode.swift; path = ThreeDSScreen.swift; sourceTree = "<group>"; };
		D8D506422E3CB7060098CACD /* ApplePayTests.swift */ = {isa = PBXFileReference; lastKnownFileType = sourcecode.swift; path = ApplePayTests.swift; sourceTree = "<group>"; };
		D8D506432E3CB7060098CACD /* CardGuestUserCheckoutTests.swift */ = {isa = PBXFileReference; lastKnownFileType = sourcecode.swift; path = CardGuestUserCheckoutTests.swift; sourceTree = "<group>"; };
		D8D506442E3CB7060098CACD /* CardRegisteredUserCheckoutTests.swift */ = {isa = PBXFileReference; lastKnownFileType = sourcecode.swift; path = CardRegisteredUserCheckoutTests.swift; sourceTree = "<group>"; };
		D8D506452E3CB7060098CACD /* UITestingUtils.swift */ = {isa = PBXFileReference; lastKnownFileType = sourcecode.swift; path = UITestingUtils.swift; sourceTree = "<group>"; };
		D8EB80892D67067200C2F975 /* AppDelegate.swift */ = {isa = PBXFileReference; lastKnownFileType = sourcecode.swift; path = AppDelegate.swift; sourceTree = "<group>"; };
		D8F268B32DDADDE000E84D64 /* ExamplesUITests.xctest */ = {isa = PBXFileReference; explicitFileType = wrapper.cfbundle; includeInIndex = 0; path = ExamplesUITests.xctest; sourceTree = BUILT_PRODUCTS_DIR; };
		D8F84B842DDC1BDC0020C73F /* AccessibilityIdentifiers.swift */ = {isa = PBXFileReference; lastKnownFileType = sourcecode.swift; path = AccessibilityIdentifiers.swift; sourceTree = "<group>"; };
/* End PBXFileReference section */

/* Begin PBXFrameworksBuildPhase section */
		085BD3E823CC64B6002E8F27 /* Frameworks */ = {
			isa = PBXFrameworksBuildPhase;
			buildActionMask = 2147483647;
			files = (
				624A55DF282EE70E4D58E3E1 /* Pods_Examples.framework in Frameworks */,
			);
			runOnlyForDeploymentPostprocessing = 0;
		};
		D8F268B02DDADDE000E84D64 /* Frameworks */ = {
			isa = PBXFrameworksBuildPhase;
			buildActionMask = 2147483647;
			files = (
			);
			runOnlyForDeploymentPostprocessing = 0;
		};
/* End PBXFrameworksBuildPhase section */

/* Begin PBXGroup section */
		085BD3E223CC64B6002E8F27 = {
			isa = PBXGroup;
			children = (
				085BD3ED23CC64B6002E8F27 /* Examples */,
				D8D506462E3CB7060098CACD /* ExamplesUITests */,
				085BD3EC23CC64B6002E8F27 /* Products */,
				A124BE0DCF06F969177C95C3 /* Frameworks */,
				916A726B300D4DD424727734 /* Pods */,
			);
			sourceTree = "<group>";
		};
		085BD3EC23CC64B6002E8F27 /* Products */ = {
			isa = PBXGroup;
			children = (
				085BD3EB23CC64B6002E8F27 /* Examples.app */,
				D8F268B32DDADDE000E84D64 /* ExamplesUITests.xctest */,
			);
			name = Products;
			sourceTree = "<group>";
		};
		085BD3ED23CC64B6002E8F27 /* Examples */ = {
			isa = PBXGroup;
			children = (
				3C5A37D427EAF68F00CFC2EF /* Examples.entitlements */,
				D8B38C262D9E5F2B00909ADD /* Keys */,
				D8EB80892D67067200C2F975 /* AppDelegate.swift */,
				D80F0E282D5C856600401BA6 /* ExamplesKeys.swift */,
				D81EAF792D3F8BB100B44784 /* Views */,
				D872B35B2D5EDB43007BC089 /* Controllers */,
				D872B35C2D5EDB5B007BC089 /* Util */,
				088F3E8023CEB7E6005AE40F /* API */,
				088ADB902407B329001ADC71 /* Resources */,
				182F1CE82C904131000B993D /* Deprecated */,
				085BD3FF23CC64B9002E8F27 /* Info.plist */,
				18ADC99C2C8ACCA000A775BB /* Examples-Bridging-Header.h */,
				D8193D5B2D01B8F8008C8DA8 /* PrivacyInfo.xcprivacy */,
			);
			path = Examples;
			sourceTree = "<group>";
		};
		088ADB902407B329001ADC71 /* Resources */ = {
			isa = PBXGroup;
			children = (
				085BD3FA23CC64B9002E8F27 /* Assets.xcassets */,
				D8AEAA8A2E4458A700683280 /* demo.html */,
				085BD3F723CC64B6002E8F27 /* Main.storyboard */,
				085BD3FC23CC64B9002E8F27 /* LaunchScreen.storyboard */,
			);
			path = Resources;
			sourceTree = "<group>";
		};
		088F3E8023CEB7E6005AE40F /* API */ = {
			isa = PBXGroup;
			children = (
				1859F1962C89A6290017FA4D /* APIClient.swift */,
				18ADC9982C8AACF900A775BB /* Customer.swift */,
				1859F19A2C89B0C40017FA4D /* PurchaseOrder.swift */,
				1859F19E2C8AA6700017FA4D /* CustomerRequest.swift */,
				1859F1982C89AAB50017FA4D /* PaymentIntentRequest.swift */,
			);
			path = API;
			sourceTree = "<group>";
		};
		182F1CE82C904131000B993D /* Deprecated */ = {
			isa = PBXGroup;
			children = (
				182F1CE42C903747000B993D /* DirectAPIClient.swift */,
				088F3E8123CEB7FF005AE40F /* MockAPIClient.h */,
				088F3E8223CEB7FF005AE40F /* MockAPIClient.m */,
				D805CC862DB0FED600693929 /* MockViewController.h */,
				D805CC872DB0FED600693929 /* MockViewController.m */,
			);
			path = Deprecated;
			sourceTree = "<group>";
		};
		916A726B300D4DD424727734 /* Pods */ = {
			isa = PBXGroup;
			children = (
				CD2A5440429742B88AB2C21D /* Pods-Examples.debug.xcconfig */,
				6491D65B6ED750880767C7FC /* Pods-Examples.release.xcconfig */,
			);
			name = Pods;
			path = ../Pods;
			sourceTree = "<group>";
		};
		A124BE0DCF06F969177C95C3 /* Frameworks */ = {
			isa = PBXGroup;
			children = (
				D801CB832DCA163900D2BD27 /* AirwallexPayment.framework */,
				57CEC83526E6008100695740 /* WeChatPay.framework */,
				57CEC83326E6007F00695740 /* Redirect.framework */,
				57CEC83126E6007C00695740 /* Card.framework */,
				57CEC82F26E6007700695740 /* WeChatPay.framework */,
				57CEC82D26E6007400695740 /* Redirect.framework */,
				57CEC82B26E6007100695740 /* Card.framework */,
				57CEC82926E6005700695740 /* WeChatPay.framework */,
				57CEC82726E6005400695740 /* Redirect.framework */,
				57CEC82526E6005000695740 /* Card.framework */,
				08B55E372421D8C60054E254 /* Airwallex.framework */,
				996C9E5BE5128DD2B08093BE /* Pods_Examples.framework */,
			);
			name = Frameworks;
			sourceTree = "<group>";
		};
		D81EAF792D3F8BB100B44784 /* Views */ = {
			isa = PBXGroup;
			children = (
				D8BDF87F2D3F3B4B00C9AE72 /* HomePageTitleView.swift */,
				D89C7AF42D432D900042FC3B /* ConfigSwitchView.swift */,
				D8A599A82DAF841E0045BFEC /* ConfigEntryView.swift */,
				D81EAF6E2D3F8B8F00B44784 /* ConfigTextField.swift */,
				D81EAF6F2D3F8B8F00B44784 /* ConfigTextFieldViewModel.swift */,
				D81EAF7C2D3F92D300B44784 /* ConfigActionView.swift */,
				D872B3592D5DFA1A007BC089 /* DemoListView.swift */,
				D81EAF802D3FAABA00B44784 /* TopView.swift */,
				D81EAF722D3F8B8F00B44784 /* UIButton+Extension.swift */,
			);
			path = Views;
			sourceTree = "<group>";
		};
		D872B35B2D5EDB43007BC089 /* Controllers */ = {
			isa = PBXGroup;
			children = (
				D8BDF8652D3E1E3E00C9AE72 /* HomeViewController.swift */,
				D8BDF86F2D3E206700C9AE72 /* H5DemoViewController.swift */,
				D81EAF6B2D3F6C1F00B44784 /* WeChatDemoViewController.swift */,
				D8AEAA8C2E44594B00683280 /* HPPDemoController.swift */,
				D81EAF7A2D3F8BE200B44784 /* IntegrationDemoListViewController.swift */,
				D80F0E322D5DD04C00401BA6 /* DemoDataSource.swift */,
				D81EAFA52D41DA1C00B44784 /* GetPaymentMethodsViewController.swift */,
				D89C7AEC2D423AD60042FC3B /* GetCardConsentsViewController.swift */,
				D89C7AEA2D422CA70042FC3B /* TextContentViewController.swift */,
				D89C7AF22D424C890042FC3B /* SettingsViewController.swift */,
				D8A599AA2DAF88440045BFEC /* BillingFieldsSettingViewController.swift */,
				D80F0E212D5C6CF200401BA6 /* WebViewController.swift */,
				D80F0E232D5C769100401BA6 /* PaymentResultViewController.swift */,
			);
			path = Controllers;
			sourceTree = "<group>";
		};
		D872B35C2D5EDB5B007BC089 /* Util */ = {
			isa = PBXGroup;
			children = (
				182F1CDF2C8F09F1000B993D /* String+Extensions.swift */,
				D80F0E302D5DC4B400401BA6 /* AirwallexSDKMode+Extensions.swift */,
				182F1CE62C903B18000B993D /* Encodable+Extensions.swift */,
				D81EAF682D3F474100B44784 /* UIViewController+Extensions.swift */,
				1859F19C2C8A9EE90017FA4D /* NSError+Extensions.swift */,
				D81EAF712D3F8B8F00B44784 /* KeyboardHandler.swift */,
				D8F84B842DDC1BDC0020C73F /* AccessibilityIdentifiers.swift */,
				D823D8DF2DDC36E500B27CA1 /* CheckoutMode.swift */,
			);
			path = Util;
			sourceTree = "<group>";
		};
		D8B38C262D9E5F2B00909ADD /* Keys */ = {
			isa = PBXGroup;
			children = (
				D8B38C252D9E5F2B00909ADD /* Keys.json */,
			);
			path = Keys;
			sourceTree = "<group>";
		};
		D8D5063A2E3CB7060098CACD /* Demo */ = {
			isa = PBXGroup;
			children = (
				D8D506372E3CB7060098CACD /* HomeScreen.swift */,
				D8D506382E3CB7060098CACD /* IntegrationDemoScreen.swift */,
				D8D506392E3CB7060098CACD /* SettingsScreen.swift */,
			);
			path = Demo;
			sourceTree = "<group>";
		};
		D8D506402E3CB7060098CACD /* SDK */ = {
			isa = PBXGroup;
			children = (
				D8D5063B2E3CB7060098CACD /* ApplePaymentSheet.swift */,
				D8D5063C2E3CB7060098CACD /* CardPaymentScreen.swift */,
				D8D5063D2E3CB7060098CACD /* ConsentPaymentScreen.swift */,
				D8D5063E2E3CB7060098CACD /* PaymentSheetScreen.swift */,
				D8D5063F2E3CB7060098CACD /* ThreeDSScreen.swift */,
			);
			path = SDK;
			sourceTree = "<group>";
		};
		D8D506412E3CB7060098CACD /* Screens */ = {
			isa = PBXGroup;
			children = (
				D8D5063A2E3CB7060098CACD /* Demo */,
				D8D506402E3CB7060098CACD /* SDK */,
			);
			path = Screens;
			sourceTree = "<group>";
		};
		D8D506462E3CB7060098CACD /* ExamplesUITests */ = {
			isa = PBXGroup;
			children = (
				D8D506412E3CB7060098CACD /* Screens */,
				D8D506422E3CB7060098CACD /* ApplePayTests.swift */,
				D8D506432E3CB7060098CACD /* CardGuestUserCheckoutTests.swift */,
				D8D506442E3CB7060098CACD /* CardRegisteredUserCheckoutTests.swift */,
				D8C8CA792E695CFF00A2B5E8 /* CardRegisteredUserUnifiedSessionTests.swift */,
				D8D506452E3CB7060098CACD /* UITestingUtils.swift */,
			);
			path = ExamplesUITests;
			sourceTree = "<group>";
		};
/* End PBXGroup section */

/* Begin PBXNativeTarget section */
		085BD3EA23CC64B6002E8F27 /* Examples */ = {
			isa = PBXNativeTarget;
			buildConfigurationList = 085BD40423CC64B9002E8F27 /* Build configuration list for PBXNativeTarget "Examples" */;
			buildPhases = (
				9386CD168F30B04867D5EF44 /* [CP] Check Pods Manifest.lock */,
				085BD3E723CC64B6002E8F27 /* Sources */,
				085BD3E823CC64B6002E8F27 /* Frameworks */,
				085BD3E923CC64B6002E8F27 /* Resources */,
				C52EE7B32865394100F966DD /* Run clang-format */,
				D867D79C2CFF027A0023C7A7 /* Generate SPM public headers */,
				D866FA6D2DA7BAA20062BC5A /* Embed Frameworks */,
				D062F25C7773C7FA8DC5AB60 /* [CP] Embed Pods Frameworks */,
				99FABC6B0AD46FEDAB0677DC /* [CP] Copy Pods Resources */,
			);
			buildRules = (
			);
			dependencies = (
			);
			name = Examples;
			productName = Examples;
			productReference = 085BD3EB23CC64B6002E8F27 /* Examples.app */;
			productType = "com.apple.product-type.application";
		};
		D8F268B22DDADDE000E84D64 /* ExamplesUITests */ = {
			isa = PBXNativeTarget;
			buildConfigurationList = D8F268BD2DDADDE000E84D64 /* Build configuration list for PBXNativeTarget "ExamplesUITests" */;
			buildPhases = (
				D8F268AF2DDADDE000E84D64 /* Sources */,
				D8F268B02DDADDE000E84D64 /* Frameworks */,
				D8F268B12DDADDE000E84D64 /* Resources */,
			);
			buildRules = (
			);
			dependencies = (
				D8F268BA2DDADDE000E84D64 /* PBXTargetDependency */,
			);
			name = ExamplesUITests;
			productName = ExamplesUITests;
			productReference = D8F268B32DDADDE000E84D64 /* ExamplesUITests.xctest */;
			productType = "com.apple.product-type.bundle.ui-testing";
		};
/* End PBXNativeTarget section */

/* Begin PBXProject section */
		085BD3E323CC64B6002E8F27 /* Project object */ = {
			isa = PBXProject;
			attributes = {
				BuildIndependentTargetsInParallel = YES;
				LastSwiftUpdateCheck = 1630;
				LastUpgradeCheck = 1630;
				ORGANIZATIONNAME = Airwallex;
				TargetAttributes = {
					085BD3EA23CC64B6002E8F27 = {
						CreatedOnToolsVersion = 11.1;
						LastSwiftMigration = 1420;
					};
					D8F268B22DDADDE000E84D64 = {
						CreatedOnToolsVersion = 16.3;
						TestTargetID = 085BD3EA23CC64B6002E8F27;
					};
				};
			};
			buildConfigurationList = 085BD3E623CC64B6002E8F27 /* Build configuration list for PBXProject "Examples" */;
			compatibilityVersion = "Xcode 15.3";
			developmentRegion = en;
			hasScannedForEncodings = 0;
			knownRegions = (
				en,
				Base,
				"zh-Hans",
				"zh-Hant",
				fr,
				de,
				ja,
				ko,
				"pt-BR",
				"pt-PT",
				es,
				ru,
				th,
			);
			mainGroup = 085BD3E223CC64B6002E8F27;
			productRefGroup = 085BD3EC23CC64B6002E8F27 /* Products */;
			projectDirPath = "";
			projectRoot = "";
			targets = (
				085BD3EA23CC64B6002E8F27 /* Examples */,
				D8F268B22DDADDE000E84D64 /* ExamplesUITests */,
			);
		};
/* End PBXProject section */

/* Begin PBXResourcesBuildPhase section */
		085BD3E923CC64B6002E8F27 /* Resources */ = {
			isa = PBXResourcesBuildPhase;
			buildActionMask = 2147483647;
			files = (
				D8331FF02DB0E63300D85575 /* Keys.json in Resources */,
				D8AEAA8B2E4458A700683280 /* demo.html in Resources */,
				D8193D5C2D01B8F8008C8DA8 /* PrivacyInfo.xcprivacy in Resources */,
				085BD3FE23CC64B9002E8F27 /* LaunchScreen.storyboard in Resources */,
				085BD3FB23CC64B9002E8F27 /* Assets.xcassets in Resources */,
				085BD3F923CC64B6002E8F27 /* Main.storyboard in Resources */,
			);
			runOnlyForDeploymentPostprocessing = 0;
		};
		D8F268B12DDADDE000E84D64 /* Resources */ = {
			isa = PBXResourcesBuildPhase;
			buildActionMask = 2147483647;
			files = (
			);
			runOnlyForDeploymentPostprocessing = 0;
		};
/* End PBXResourcesBuildPhase section */

/* Begin PBXShellScriptBuildPhase section */
		9386CD168F30B04867D5EF44 /* [CP] Check Pods Manifest.lock */ = {
			isa = PBXShellScriptBuildPhase;
			buildActionMask = 2147483647;
			files = (
			);
			inputFileListPaths = (
			);
			inputPaths = (
				"${PODS_PODFILE_DIR_PATH}/Podfile.lock",
				"${PODS_ROOT}/Manifest.lock",
			);
			name = "[CP] Check Pods Manifest.lock";
			outputFileListPaths = (
			);
			outputPaths = (
				"$(DERIVED_FILE_DIR)/Pods-Examples-checkManifestLockResult.txt",
			);
			runOnlyForDeploymentPostprocessing = 0;
			shellPath = /bin/sh;
			shellScript = "diff \"${PODS_PODFILE_DIR_PATH}/Podfile.lock\" \"${PODS_ROOT}/Manifest.lock\" > /dev/null\nif [ $? != 0 ] ; then\n    # print error to STDERR\n    echo \"error: The sandbox is not in sync with the Podfile.lock. Run 'pod install' or update your CocoaPods installation.\" >&2\n    exit 1\nfi\n# This output is used by Xcode 'outputs' to avoid re-running this script phase.\necho \"SUCCESS\" > \"${SCRIPT_OUTPUT_FILE_0}\"\n";
			showEnvVarsInLog = 0;
		};
		99FABC6B0AD46FEDAB0677DC /* [CP] Copy Pods Resources */ = {
			isa = PBXShellScriptBuildPhase;
			buildActionMask = 2147483647;
			files = (
			);
			inputFileListPaths = (
				"${PODS_ROOT}/Target Support Files/Pods-Examples/Pods-Examples-resources-${CONFIGURATION}-input-files.xcfilelist",
			);
			name = "[CP] Copy Pods Resources";
			outputFileListPaths = (
				"${PODS_ROOT}/Target Support Files/Pods-Examples/Pods-Examples-resources-${CONFIGURATION}-output-files.xcfilelist",
			);
			runOnlyForDeploymentPostprocessing = 0;
			shellPath = /bin/sh;
			shellScript = "\"${PODS_ROOT}/Target Support Files/Pods-Examples/Pods-Examples-resources.sh\"\n";
			showEnvVarsInLog = 0;
		};
		C52EE7B32865394100F966DD /* Run clang-format */ = {
			isa = PBXShellScriptBuildPhase;
			alwaysOutOfDate = 1;
			buildActionMask = 2147483647;
			files = (
			);
			inputFileListPaths = (
			);
			inputPaths = (
			);
			name = "Run clang-format";
			outputFileListPaths = (
			);
			outputPaths = (
			);
			runOnlyForDeploymentPostprocessing = 0;
			shellPath = /bin/sh;
			shellScript = "if [ -n \"$CI\" ]; then\n    echo \"Skip - clang-format for CI.\"\n    exit 0\nfi\n\nif test -d \"/opt/homebrew/bin/\"; then\n  PATH=\"/opt/homebrew/bin/:${PATH}\"\nfi\n\nexport PATH\n\nif which clang-format >/dev/null; then\n  find \"${PROJECT_DIR}/../Airwallex\" -type f -name \"*.[mh]\" | xargs clang-format -i -style=file\n  find \"${PROJECT_DIR}/../Examples\" -type f -name \"*.[mh]\" | xargs clang-format -i -style=file\nelse\n  echo \"warning: clang-format not found. Install using Homebrew to automatically format Objective-C code.\"\nfi\n";
		};
		D062F25C7773C7FA8DC5AB60 /* [CP] Embed Pods Frameworks */ = {
			isa = PBXShellScriptBuildPhase;
			buildActionMask = 2147483647;
			files = (
			);
			inputFileListPaths = (
				"${PODS_ROOT}/Target Support Files/Pods-Examples/Pods-Examples-frameworks-${CONFIGURATION}-input-files.xcfilelist",
			);
			name = "[CP] Embed Pods Frameworks";
			outputFileListPaths = (
				"${PODS_ROOT}/Target Support Files/Pods-Examples/Pods-Examples-frameworks-${CONFIGURATION}-output-files.xcfilelist",
			);
			runOnlyForDeploymentPostprocessing = 0;
			shellPath = /bin/sh;
			shellScript = "\"${PODS_ROOT}/Target Support Files/Pods-Examples/Pods-Examples-frameworks.sh\"\n";
			showEnvVarsInLog = 0;
		};
		D867D79C2CFF027A0023C7A7 /* Generate SPM public headers */ = {
			isa = PBXShellScriptBuildPhase;
			alwaysOutOfDate = 1;
			buildActionMask = 2147483647;
			files = (
			);
			inputFileListPaths = (
				"",
			);
			inputPaths = (
			);
			name = "Generate SPM public headers";
			outputFileListPaths = (
			);
			outputPaths = (
			);
			runOnlyForDeploymentPostprocessing = 0;
			shellPath = /bin/sh;
			shellScript = "# Type a script or drag a script file from your workspace to insert its path.\n${PROJECT_DIR}/../scripts/generate_spm_public_headers.sh\n";
		};
/* End PBXShellScriptBuildPhase section */

/* Begin PBXSourcesBuildPhase section */
		085BD3E723CC64B6002E8F27 /* Sources */ = {
			isa = PBXSourcesBuildPhase;
			buildActionMask = 2147483647;
			files = (
				D8BDF8682D3E1E3E00C9AE72 /* HomeViewController.swift in Sources */,
				D81EAF742D3F8B8F00B44784 /* ConfigTextField.swift in Sources */,
				D81EAF752D3F8B8F00B44784 /* ConfigTextFieldViewModel.swift in Sources */,
				D823D8E02DDC36E500B27CA1 /* CheckoutMode.swift in Sources */,
				D805CC882DB0FED600693929 /* MockViewController.m in Sources */,
				D81EAF772D3F8B8F00B44784 /* KeyboardHandler.swift in Sources */,
				D81EAF7D2D3F92D300B44784 /* ConfigActionView.swift in Sources */,
				D81EAF782D3F8B8F00B44784 /* UIButton+Extension.swift in Sources */,
				1859F1992C89AAB50017FA4D /* PaymentIntentRequest.swift in Sources */,
				D80F0E242D5C769100401BA6 /* PaymentResultViewController.swift in Sources */,
				D80F0E312D5DC4BE00401BA6 /* AirwallexSDKMode+Extensions.swift in Sources */,
				18ADC9992C8AACF900A775BB /* Customer.swift in Sources */,
				088F3E8323CEB7FF005AE40F /* MockAPIClient.m in Sources */,
				D8A599A92DAF841E0045BFEC /* ConfigEntryView.swift in Sources */,
				D89C7AF32D424C890042FC3B /* SettingsViewController.swift in Sources */,
				D8EB808A2D67067200C2F975 /* AppDelegate.swift in Sources */,
				D80F0E292D5C856600401BA6 /* ExamplesKeys.swift in Sources */,
				D80F0E332D5DD04C00401BA6 /* DemoDataSource.swift in Sources */,
				D81EAF692D3F474100B44784 /* UIViewController+Extensions.swift in Sources */,
				D81EAF7B2D3F8BE200B44784 /* IntegrationDemoListViewController.swift in Sources */,
				182F1CE52C903747000B993D /* DirectAPIClient.swift in Sources */,
				D89C7AED2D423AD60042FC3B /* GetCardConsentsViewController.swift in Sources */,
				D89C7AEB2D422CA70042FC3B /* TextContentViewController.swift in Sources */,
				D80F0E222D5C6CF200401BA6 /* WebViewController.swift in Sources */,
				1859F19F2C8AA6700017FA4D /* CustomerRequest.swift in Sources */,
				D8BDF8802D3F3B4B00C9AE72 /* HomePageTitleView.swift in Sources */,
				D89C7AF52D432D900042FC3B /* ConfigSwitchView.swift in Sources */,
				D81EAF6C2D3F6C1F00B44784 /* WeChatDemoViewController.swift in Sources */,
				D81EAF812D3FAAC600B44784 /* TopView.swift in Sources */,
				182F1CE02C8F09F2000B993D /* String+Extensions.swift in Sources */,
				D81EAFA62D41DA1E00B44784 /* GetPaymentMethodsViewController.swift in Sources */,
				D8BDF8702D3E206700C9AE72 /* H5DemoViewController.swift in Sources */,
				D8AEAA8D2E44594B00683280 /* HPPDemoController.swift in Sources */,
				1859F19D2C8A9EE90017FA4D /* NSError+Extensions.swift in Sources */,
				1859F19B2C89B0C40017FA4D /* PurchaseOrder.swift in Sources */,
				D8A599AB2DAF88440045BFEC /* BillingFieldsSettingViewController.swift in Sources */,
				182F1CE72C903B18000B993D /* Encodable+Extensions.swift in Sources */,
				D8F84B852DDC1BDC0020C73F /* AccessibilityIdentifiers.swift in Sources */,
				1859F1972C89A6290017FA4D /* APIClient.swift in Sources */,
				D872B35A2D5DFA24007BC089 /* DemoListView.swift in Sources */,
			);
			runOnlyForDeploymentPostprocessing = 0;
		};
		D8F268AF2DDADDE000E84D64 /* Sources */ = {
			isa = PBXSourcesBuildPhase;
			buildActionMask = 2147483647;
			files = (
				D8F84B862DDC1DD70020C73F /* AccessibilityIdentifiers.swift in Sources */,
				D8D506472E3CB7060098CACD /* HomeScreen.swift in Sources */,
				D8D506482E3CB7060098CACD /* IntegrationDemoScreen.swift in Sources */,
				D8D506492E3CB7060098CACD /* SettingsScreen.swift in Sources */,
				D8D5064A2E3CB7060098CACD /* ApplePaymentSheet.swift in Sources */,
				D8D5064B2E3CB7060098CACD /* CardPaymentScreen.swift in Sources */,
				D8D5064C2E3CB7060098CACD /* ConsentPaymentScreen.swift in Sources */,
				D8D5064D2E3CB7060098CACD /* PaymentSheetScreen.swift in Sources */,
				D8D5064E2E3CB7060098CACD /* ThreeDSScreen.swift in Sources */,
				D8D5064F2E3CB7060098CACD /* ApplePayTests.swift in Sources */,
				D8C8CA7A2E695CFF00A2B5E8 /* CardRegisteredUserUnifiedSessionTests.swift in Sources */,
				D8D506502E3CB7060098CACD /* CardGuestUserCheckoutTests.swift in Sources */,
				D8D506512E3CB7060098CACD /* CardRegisteredUserCheckoutTests.swift in Sources */,
				D8D506522E3CB7060098CACD /* UITestingUtils.swift in Sources */,
				D823D8E12DDC36F400B27CA1 /* CheckoutMode.swift in Sources */,
			);
			runOnlyForDeploymentPostprocessing = 0;
		};
/* End PBXSourcesBuildPhase section */

/* Begin PBXTargetDependency section */
		D8F268BA2DDADDE000E84D64 /* PBXTargetDependency */ = {
			isa = PBXTargetDependency;
			target = 085BD3EA23CC64B6002E8F27 /* Examples */;
			targetProxy = D8F268B92DDADDE000E84D64 /* PBXContainerItemProxy */;
		};
/* End PBXTargetDependency section */

/* Begin PBXVariantGroup section */
		085BD3F723CC64B6002E8F27 /* Main.storyboard */ = {
			isa = PBXVariantGroup;
			children = (
				085BD3F823CC64B6002E8F27 /* Base */,
			);
			name = Main.storyboard;
			sourceTree = "<group>";
		};
		085BD3FC23CC64B9002E8F27 /* LaunchScreen.storyboard */ = {
			isa = PBXVariantGroup;
			children = (
				085BD3FD23CC64B9002E8F27 /* Base */,
			);
			name = LaunchScreen.storyboard;
			sourceTree = "<group>";
		};
/* End PBXVariantGroup section */

/* Begin XCBuildConfiguration section */
		085BD40223CC64B9002E8F27 /* Debug */ = {
			isa = XCBuildConfiguration;
			buildSettings = {
				ALWAYS_SEARCH_USER_PATHS = NO;
				CLANG_ANALYZER_LOCALIZABILITY_NONLOCALIZED = YES;
				CLANG_ANALYZER_NONNULL = YES;
				CLANG_ANALYZER_NUMBER_OBJECT_CONVERSION = YES_AGGRESSIVE;
				CLANG_CXX_LANGUAGE_STANDARD = "gnu++14";
				CLANG_CXX_LIBRARY = "libc++";
				CLANG_ENABLE_MODULES = YES;
				CLANG_ENABLE_OBJC_ARC = YES;
				CLANG_ENABLE_OBJC_WEAK = YES;
				CLANG_WARN_BLOCK_CAPTURE_AUTORELEASING = YES;
				CLANG_WARN_BOOL_CONVERSION = YES;
				CLANG_WARN_COMMA = YES;
				CLANG_WARN_CONSTANT_CONVERSION = YES;
				CLANG_WARN_DEPRECATED_OBJC_IMPLEMENTATIONS = YES;
				CLANG_WARN_DIRECT_OBJC_ISA_USAGE = YES_ERROR;
				CLANG_WARN_DOCUMENTATION_COMMENTS = YES;
				CLANG_WARN_EMPTY_BODY = YES;
				CLANG_WARN_ENUM_CONVERSION = YES;
				CLANG_WARN_INFINITE_RECURSION = YES;
				CLANG_WARN_INT_CONVERSION = YES;
				CLANG_WARN_NON_LITERAL_NULL_CONVERSION = YES;
				CLANG_WARN_OBJC_IMPLICIT_RETAIN_SELF = YES;
				CLANG_WARN_OBJC_LITERAL_CONVERSION = YES;
				CLANG_WARN_OBJC_ROOT_CLASS = YES_ERROR;
				CLANG_WARN_QUOTED_INCLUDE_IN_FRAMEWORK_HEADER = YES;
				CLANG_WARN_RANGE_LOOP_ANALYSIS = YES;
				CLANG_WARN_STRICT_PROTOTYPES = YES;
				CLANG_WARN_SUSPICIOUS_MOVE = YES;
				CLANG_WARN_UNGUARDED_AVAILABILITY = YES_AGGRESSIVE;
				CLANG_WARN_UNREACHABLE_CODE = YES;
				CLANG_WARN__DUPLICATE_METHOD_MATCH = YES;
				COPY_PHASE_STRIP = NO;
				DEBUG_INFORMATION_FORMAT = dwarf;
				ENABLE_STRICT_OBJC_MSGSEND = YES;
				ENABLE_TESTABILITY = YES;
				GCC_C_LANGUAGE_STANDARD = gnu11;
				GCC_DYNAMIC_NO_PIC = NO;
				GCC_NO_COMMON_BLOCKS = YES;
				GCC_OPTIMIZATION_LEVEL = 0;
				GCC_PREPROCESSOR_DEFINITIONS = (
					"DEBUG=1",
					"$(inherited)",
				);
				GCC_WARN_64_TO_32_BIT_CONVERSION = YES;
				GCC_WARN_ABOUT_RETURN_TYPE = YES_ERROR;
				GCC_WARN_UNDECLARED_SELECTOR = YES;
				GCC_WARN_UNINITIALIZED_AUTOS = YES_AGGRESSIVE;
				GCC_WARN_UNUSED_FUNCTION = YES;
				GCC_WARN_UNUSED_VARIABLE = YES;
				IPHONEOS_DEPLOYMENT_TARGET = 13.0;
				MTL_ENABLE_DEBUG_INFO = INCLUDE_SOURCE;
				MTL_FAST_MATH = YES;
				ONLY_ACTIVE_ARCH = YES;
				OTHER_SWIFT_FLAGS = "-D DEBUG";
				SDKROOT = iphoneos;
				SWIFT_OPTIMIZATION_LEVEL = "-Onone";
			};
			name = Debug;
		};
		085BD40323CC64B9002E8F27 /* Release */ = {
			isa = XCBuildConfiguration;
			buildSettings = {
				ALWAYS_SEARCH_USER_PATHS = NO;
				CLANG_ANALYZER_LOCALIZABILITY_NONLOCALIZED = YES;
				CLANG_ANALYZER_NONNULL = YES;
				CLANG_ANALYZER_NUMBER_OBJECT_CONVERSION = YES_AGGRESSIVE;
				CLANG_CXX_LANGUAGE_STANDARD = "gnu++14";
				CLANG_CXX_LIBRARY = "libc++";
				CLANG_ENABLE_MODULES = YES;
				CLANG_ENABLE_OBJC_ARC = YES;
				CLANG_ENABLE_OBJC_WEAK = YES;
				CLANG_WARN_BLOCK_CAPTURE_AUTORELEASING = YES;
				CLANG_WARN_BOOL_CONVERSION = YES;
				CLANG_WARN_COMMA = YES;
				CLANG_WARN_CONSTANT_CONVERSION = YES;
				CLANG_WARN_DEPRECATED_OBJC_IMPLEMENTATIONS = YES;
				CLANG_WARN_DIRECT_OBJC_ISA_USAGE = YES_ERROR;
				CLANG_WARN_DOCUMENTATION_COMMENTS = YES;
				CLANG_WARN_EMPTY_BODY = YES;
				CLANG_WARN_ENUM_CONVERSION = YES;
				CLANG_WARN_INFINITE_RECURSION = YES;
				CLANG_WARN_INT_CONVERSION = YES;
				CLANG_WARN_NON_LITERAL_NULL_CONVERSION = YES;
				CLANG_WARN_OBJC_IMPLICIT_RETAIN_SELF = YES;
				CLANG_WARN_OBJC_LITERAL_CONVERSION = YES;
				CLANG_WARN_OBJC_ROOT_CLASS = YES_ERROR;
				CLANG_WARN_QUOTED_INCLUDE_IN_FRAMEWORK_HEADER = YES;
				CLANG_WARN_RANGE_LOOP_ANALYSIS = YES;
				CLANG_WARN_STRICT_PROTOTYPES = YES;
				CLANG_WARN_SUSPICIOUS_MOVE = YES;
				CLANG_WARN_UNGUARDED_AVAILABILITY = YES_AGGRESSIVE;
				CLANG_WARN_UNREACHABLE_CODE = YES;
				CLANG_WARN__DUPLICATE_METHOD_MATCH = YES;
				COPY_PHASE_STRIP = NO;
				DEBUG_INFORMATION_FORMAT = "dwarf-with-dsym";
				ENABLE_NS_ASSERTIONS = NO;
				ENABLE_STRICT_OBJC_MSGSEND = YES;
				GCC_C_LANGUAGE_STANDARD = gnu11;
				GCC_NO_COMMON_BLOCKS = YES;
				GCC_WARN_64_TO_32_BIT_CONVERSION = YES;
				GCC_WARN_ABOUT_RETURN_TYPE = YES_ERROR;
				GCC_WARN_UNDECLARED_SELECTOR = YES;
				GCC_WARN_UNINITIALIZED_AUTOS = YES_AGGRESSIVE;
				GCC_WARN_UNUSED_FUNCTION = YES;
				GCC_WARN_UNUSED_VARIABLE = YES;
				IPHONEOS_DEPLOYMENT_TARGET = 13.0;
				MTL_ENABLE_DEBUG_INFO = NO;
				MTL_FAST_MATH = YES;
				SDKROOT = iphoneos;
				SWIFT_COMPILATION_MODE = wholemodule;
				SWIFT_OPTIMIZATION_LEVEL = "-O";
				VALIDATE_PRODUCT = YES;
			};
			name = Release;
		};
		085BD40523CC64B9002E8F27 /* Debug */ = {
			isa = XCBuildConfiguration;
			baseConfigurationReference = CD2A5440429742B88AB2C21D /* Pods-Examples.debug.xcconfig */;
			buildSettings = {
				ASSETCATALOG_COMPILER_APPICON_NAME = AppIcon;
				CLANG_ENABLE_MODULES = YES;
				CODE_SIGN_ENTITLEMENTS = Examples/Examples.entitlements;
				CODE_SIGN_STYLE = Automatic;
				DEVELOPMENT_TEAM = K294E2HD3N;
				INFOPLIST_FILE = Examples/Info.plist;
				IPHONEOS_DEPLOYMENT_TARGET = 13;
				LD_RUNPATH_SEARCH_PATHS = (
					"$(inherited)",
					"@executable_path/Frameworks",
				);
				OTHER_SWIFT_FLAGS = "$(inherited) -D COCOAPODS";
				PRODUCT_BUNDLE_IDENTIFIER = com.airwallex.paymentacceptance;
				PRODUCT_NAME = "$(TARGET_NAME)";
				SWIFT_OBJC_BRIDGING_HEADER = "${SRCROOT}/Examples/Examples-Bridging-Header.h";
				SWIFT_OPTIMIZATION_LEVEL = "-Onone";
				SWIFT_VERSION = 5.0;
				TARGETED_DEVICE_FAMILY = "1,2";
			};
			name = Debug;
		};
		085BD40623CC64B9002E8F27 /* Release */ = {
			isa = XCBuildConfiguration;
			baseConfigurationReference = 6491D65B6ED750880767C7FC /* Pods-Examples.release.xcconfig */;
			buildSettings = {
				ASSETCATALOG_COMPILER_APPICON_NAME = AppIcon;
				CLANG_ENABLE_MODULES = YES;
				CODE_SIGN_ENTITLEMENTS = Examples/Examples.entitlements;
				CODE_SIGN_STYLE = Automatic;
				DEVELOPMENT_TEAM = K294E2HD3N;
				INFOPLIST_FILE = Examples/Info.plist;
				IPHONEOS_DEPLOYMENT_TARGET = 13;
				LD_RUNPATH_SEARCH_PATHS = (
					"$(inherited)",
					"@executable_path/Frameworks",
				);
				PRODUCT_BUNDLE_IDENTIFIER = com.airwallex.paymentacceptance;
				PRODUCT_NAME = "$(TARGET_NAME)";
				SWIFT_OBJC_BRIDGING_HEADER = "${SRCROOT}/Examples/Examples-Bridging-Header.h";
				SWIFT_VERSION = 5.0;
				TARGETED_DEVICE_FAMILY = "1,2";
			};
			name = Release;
		};
		D8F268BB2DDADDE000E84D64 /* Debug */ = {
			isa = XCBuildConfiguration;
			buildSettings = {
				ASSETCATALOG_COMPILER_GENERATE_SWIFT_ASSET_SYMBOL_EXTENSIONS = YES;
				CLANG_CXX_LANGUAGE_STANDARD = "gnu++20";
				CODE_SIGN_STYLE = Automatic;
				CURRENT_PROJECT_VERSION = 1;
				ENABLE_USER_SCRIPT_SANDBOXING = YES;
				GCC_C_LANGUAGE_STANDARD = gnu17;
				GENERATE_INFOPLIST_FILE = YES;
				IPHONEOS_DEPLOYMENT_TARGET = 15.0;
				LOCALIZATION_PREFERS_STRING_CATALOGS = YES;
				MARKETING_VERSION = 1.0;
				PRODUCT_BUNDLE_IDENTIFIER = com.airwallex.ExamplesUITests;
				PRODUCT_NAME = "$(TARGET_NAME)";
				SUPPORTED_PLATFORMS = "iphoneos iphonesimulator";
				SUPPORTS_MACCATALYST = YES;
				SUPPORTS_XR_DESIGNED_FOR_IPHONE_IPAD = NO;
				SWIFT_ACTIVE_COMPILATION_CONDITIONS = "DEBUG $(inherited)";
				SWIFT_EMIT_LOC_STRINGS = NO;
				SWIFT_VERSION = 5.0;
				TARGETED_DEVICE_FAMILY = "1,2";
				TEST_TARGET_NAME = Examples;
			};
			name = Debug;
		};
		D8F268BC2DDADDE000E84D64 /* Release */ = {
			isa = XCBuildConfiguration;
			buildSettings = {
				ASSETCATALOG_COMPILER_GENERATE_SWIFT_ASSET_SYMBOL_EXTENSIONS = YES;
				CLANG_CXX_LANGUAGE_STANDARD = "gnu++20";
				CODE_SIGN_STYLE = Automatic;
				CURRENT_PROJECT_VERSION = 1;
				ENABLE_USER_SCRIPT_SANDBOXING = YES;
				GCC_C_LANGUAGE_STANDARD = gnu17;
				GENERATE_INFOPLIST_FILE = YES;
				IPHONEOS_DEPLOYMENT_TARGET = 15.0;
				LOCALIZATION_PREFERS_STRING_CATALOGS = YES;
				MARKETING_VERSION = 1.0;
				PRODUCT_BUNDLE_IDENTIFIER = com.airwallex.ExamplesUITests;
				PRODUCT_NAME = "$(TARGET_NAME)";
				SUPPORTED_PLATFORMS = "iphoneos iphonesimulator";
				SUPPORTS_MACCATALYST = YES;
				SUPPORTS_XR_DESIGNED_FOR_IPHONE_IPAD = NO;
				SWIFT_COMPILATION_MODE = wholemodule;
				SWIFT_EMIT_LOC_STRINGS = NO;
				SWIFT_VERSION = 5.0;
				TARGETED_DEVICE_FAMILY = "1,2";
				TEST_TARGET_NAME = Examples;
			};
			name = Release;
		};
/* End XCBuildConfiguration section */

/* Begin XCConfigurationList section */
		085BD3E623CC64B6002E8F27 /* Build configuration list for PBXProject "Examples" */ = {
			isa = XCConfigurationList;
			buildConfigurations = (
				085BD40223CC64B9002E8F27 /* Debug */,
				085BD40323CC64B9002E8F27 /* Release */,
			);
			defaultConfigurationIsVisible = 0;
			defaultConfigurationName = Release;
		};
		085BD40423CC64B9002E8F27 /* Build configuration list for PBXNativeTarget "Examples" */ = {
			isa = XCConfigurationList;
			buildConfigurations = (
				085BD40523CC64B9002E8F27 /* Debug */,
				085BD40623CC64B9002E8F27 /* Release */,
			);
			defaultConfigurationIsVisible = 0;
			defaultConfigurationName = Release;
		};
		D8F268BD2DDADDE000E84D64 /* Build configuration list for PBXNativeTarget "ExamplesUITests" */ = {
			isa = XCConfigurationList;
			buildConfigurations = (
				D8F268BB2DDADDE000E84D64 /* Debug */,
				D8F268BC2DDADDE000E84D64 /* Release */,
			);
			defaultConfigurationIsVisible = 0;
			defaultConfigurationName = Release;
		};
/* End XCConfigurationList section */
	};
	rootObject = 085BD3E323CC64B6002E8F27 /* Project object */;
}
