// !$*UTF8*$!
{
	archiveVersion = 1;
	classes = {
	};
	objectVersion = 51;
	objects = {

/* Begin PBXBuildFile section */
		00D7B95A265F45AF00F2CBB6 /* WechatPayViewController.m in Sources */ = {isa = PBXBuildFile; fileRef = 00D7B959265F45AF00F2CBB6 /* WechatPayViewController.m */; };
		00E501BC264D06A900027311 /* InputViewController.m in Sources */ = {isa = PBXBuildFile; fileRef = 00E501BB264D06A900027311 /* InputViewController.m */; };
		00E501BF264D06B400027311 /* WebViewController.m in Sources */ = {isa = PBXBuildFile; fileRef = 00E501BE264D06B400027311 /* WebViewController.m */; };
		00E501C2264D06BE00027311 /* SuccessViewController.m in Sources */ = {isa = PBXBuildFile; fileRef = 00E501C1264D06BE00027311 /* SuccessViewController.m */; };
		082D308223CEEC3300C9D587 /* ProductCell.m in Sources */ = {isa = PBXBuildFile; fileRef = 082D308123CEEC3300C9D587 /* ProductCell.m */; };
		082D308523CEECE400C9D587 /* TotalCell.m in Sources */ = {isa = PBXBuildFile; fileRef = 082D308423CEECE400C9D587 /* TotalCell.m */; };
		082D308823CEEDC100C9D587 /* CartViewController.m in Sources */ = {isa = PBXBuildFile; fileRef = 082D308723CEEDC100C9D587 /* CartViewController.m */; };
		084F15E7247646FA00DAAD76 /* ShippingCell.m in Sources */ = {isa = PBXBuildFile; fileRef = 084F15E6247646FA00DAAD76 /* ShippingCell.m */; };
		085BA64F23F0FB8A00FD33FA /* Splash.storyboard in Resources */ = {isa = PBXBuildFile; fileRef = 085BA64E23F0FB8A00FD33FA /* Splash.storyboard */; };
		085BD3F023CC64B6002E8F27 /* AppDelegate.m in Sources */ = {isa = PBXBuildFile; fileRef = 085BD3EF23CC64B6002E8F27 /* AppDelegate.m */; };
		085BD3F923CC64B6002E8F27 /* Main.storyboard in Resources */ = {isa = PBXBuildFile; fileRef = 085BD3F723CC64B6002E8F27 /* Main.storyboard */; };
		085BD3FB23CC64B9002E8F27 /* Assets.xcassets in Resources */ = {isa = PBXBuildFile; fileRef = 085BD3FA23CC64B9002E8F27 /* Assets.xcassets */; };
		085BD3FE23CC64B9002E8F27 /* LaunchScreen.storyboard in Resources */ = {isa = PBXBuildFile; fileRef = 085BD3FC23CC64B9002E8F27 /* LaunchScreen.storyboard */; };
		085BD40123CC64B9002E8F27 /* main.m in Sources */ = {isa = PBXBuildFile; fileRef = 085BD40023CC64B9002E8F27 /* main.m */; };
		088F3E8323CEB7FF005AE40F /* APIClient.m in Sources */ = {isa = PBXBuildFile; fileRef = 088F3E8223CEB7FF005AE40F /* APIClient.m */; };
		08A3E99F24246C30003FDAAF /* OptionsViewController.m in Sources */ = {isa = PBXBuildFile; fileRef = 08A3E99E24246C30003FDAAF /* OptionsViewController.m */; };
		1839055D29C0347900FE8069 /* Empty.swift in Sources */ = {isa = PBXBuildFile; fileRef = 1839055C29C0347900FE8069 /* Empty.swift */; };
		57033F2926958C94008A4780 /* UIViewController+Utils.m in Sources */ = {isa = PBXBuildFile; fileRef = 57033F2826958C94008A4780 /* UIViewController+Utils.m */; };
		57DCD642269428C800705D5C /* Keys in Resources */ = {isa = PBXBuildFile; fileRef = 57DCD641269428C800705D5C /* Keys */; };
		57F9EF85268DCB3600B744B2 /* AirwallexExamplesKeys.m in Sources */ = {isa = PBXBuildFile; fileRef = 57F9EF84268DCB3600B744B2 /* AirwallexExamplesKeys.m */; };
		8C8B48417A8089F01476F8CD /* Pods_Examples.framework in Frameworks */ = {isa = PBXBuildFile; fileRef = 7D7D702013D115ED98FFEFA0 /* Pods_Examples.framework */; };
		C52EE6AD2864177B000571A1 /* OptionButton.m in Sources */ = {isa = PBXBuildFile; fileRef = C52EE6AC2864177B000571A1 /* OptionButton.m */; };
		C5AB0C592860454200B436C3 /* Product.m in Sources */ = {isa = PBXBuildFile; fileRef = C5AB0C582860454200B436C3 /* Product.m */; };
/* End PBXBuildFile section */

/* Begin PBXFileReference section */
		00D7B958265F45AF00F2CBB6 /* WechatPayViewController.h */ = {isa = PBXFileReference; lastKnownFileType = sourcecode.c.h; path = WechatPayViewController.h; sourceTree = "<group>"; };
		00D7B959265F45AF00F2CBB6 /* WechatPayViewController.m */ = {isa = PBXFileReference; lastKnownFileType = sourcecode.c.objc; path = WechatPayViewController.m; sourceTree = "<group>"; };
		00E501BA264D06A900027311 /* InputViewController.h */ = {isa = PBXFileReference; lastKnownFileType = sourcecode.c.h; path = InputViewController.h; sourceTree = "<group>"; };
		00E501BB264D06A900027311 /* InputViewController.m */ = {isa = PBXFileReference; lastKnownFileType = sourcecode.c.objc; path = InputViewController.m; sourceTree = "<group>"; };
		00E501BD264D06B400027311 /* WebViewController.h */ = {isa = PBXFileReference; lastKnownFileType = sourcecode.c.h; path = WebViewController.h; sourceTree = "<group>"; };
		00E501BE264D06B400027311 /* WebViewController.m */ = {isa = PBXFileReference; lastKnownFileType = sourcecode.c.objc; path = WebViewController.m; sourceTree = "<group>"; };
		00E501C0264D06BE00027311 /* SuccessViewController.h */ = {isa = PBXFileReference; lastKnownFileType = sourcecode.c.h; path = SuccessViewController.h; sourceTree = "<group>"; };
		00E501C1264D06BE00027311 /* SuccessViewController.m */ = {isa = PBXFileReference; lastKnownFileType = sourcecode.c.objc; path = SuccessViewController.m; sourceTree = "<group>"; };
		082D308023CEEC3300C9D587 /* ProductCell.h */ = {isa = PBXFileReference; lastKnownFileType = sourcecode.c.h; path = ProductCell.h; sourceTree = "<group>"; };
		082D308123CEEC3300C9D587 /* ProductCell.m */ = {isa = PBXFileReference; lastKnownFileType = sourcecode.c.objc; path = ProductCell.m; sourceTree = "<group>"; };
		082D308323CEECE400C9D587 /* TotalCell.h */ = {isa = PBXFileReference; lastKnownFileType = sourcecode.c.h; path = TotalCell.h; sourceTree = "<group>"; };
		082D308423CEECE400C9D587 /* TotalCell.m */ = {isa = PBXFileReference; lastKnownFileType = sourcecode.c.objc; path = TotalCell.m; sourceTree = "<group>"; };
		082D308623CEEDC100C9D587 /* CartViewController.h */ = {isa = PBXFileReference; lastKnownFileType = sourcecode.c.h; path = CartViewController.h; sourceTree = "<group>"; };
		082D308723CEEDC100C9D587 /* CartViewController.m */ = {isa = PBXFileReference; lastKnownFileType = sourcecode.c.objc; path = CartViewController.m; sourceTree = "<group>"; };
		084F15E5247646FA00DAAD76 /* ShippingCell.h */ = {isa = PBXFileReference; lastKnownFileType = sourcecode.c.h; path = ShippingCell.h; sourceTree = "<group>"; };
		084F15E6247646FA00DAAD76 /* ShippingCell.m */ = {isa = PBXFileReference; lastKnownFileType = sourcecode.c.objc; path = ShippingCell.m; sourceTree = "<group>"; };
		085BA64E23F0FB8A00FD33FA /* Splash.storyboard */ = {isa = PBXFileReference; lastKnownFileType = file.storyboard; path = Splash.storyboard; sourceTree = "<group>"; };
		085BD3EB23CC64B6002E8F27 /* Examples.app */ = {isa = PBXFileReference; explicitFileType = wrapper.application; includeInIndex = 0; path = Examples.app; sourceTree = BUILT_PRODUCTS_DIR; };
		085BD3EE23CC64B6002E8F27 /* AppDelegate.h */ = {isa = PBXFileReference; lastKnownFileType = sourcecode.c.h; path = AppDelegate.h; sourceTree = "<group>"; };
		085BD3EF23CC64B6002E8F27 /* AppDelegate.m */ = {isa = PBXFileReference; lastKnownFileType = sourcecode.c.objc; path = AppDelegate.m; sourceTree = "<group>"; };
		085BD3F823CC64B6002E8F27 /* Base */ = {isa = PBXFileReference; lastKnownFileType = file.storyboard; name = Base; path = Base.lproj/Main.storyboard; sourceTree = "<group>"; };
		085BD3FA23CC64B9002E8F27 /* Assets.xcassets */ = {isa = PBXFileReference; lastKnownFileType = folder.assetcatalog; path = Assets.xcassets; sourceTree = "<group>"; };
		085BD3FD23CC64B9002E8F27 /* Base */ = {isa = PBXFileReference; lastKnownFileType = file.storyboard; name = Base; path = Base.lproj/LaunchScreen.storyboard; sourceTree = "<group>"; };
		085BD3FF23CC64B9002E8F27 /* Info.plist */ = {isa = PBXFileReference; lastKnownFileType = text.plist.xml; path = Info.plist; sourceTree = "<group>"; };
		085BD40023CC64B9002E8F27 /* main.m */ = {isa = PBXFileReference; lastKnownFileType = sourcecode.c.objc; path = main.m; sourceTree = "<group>"; };
		088F3E8123CEB7FF005AE40F /* APIClient.h */ = {isa = PBXFileReference; lastKnownFileType = sourcecode.c.h; path = APIClient.h; sourceTree = "<group>"; };
		088F3E8223CEB7FF005AE40F /* APIClient.m */ = {isa = PBXFileReference; lastKnownFileType = sourcecode.c.objc; path = APIClient.m; sourceTree = "<group>"; };
		08A3E99D24246C30003FDAAF /* OptionsViewController.h */ = {isa = PBXFileReference; lastKnownFileType = sourcecode.c.h; path = OptionsViewController.h; sourceTree = "<group>"; };
		08A3E99E24246C30003FDAAF /* OptionsViewController.m */ = {isa = PBXFileReference; lastKnownFileType = sourcecode.c.objc; path = OptionsViewController.m; sourceTree = "<group>"; };
		08B55E372421D8C60054E254 /* Airwallex.framework */ = {isa = PBXFileReference; explicitFileType = wrapper.framework; path = Airwallex.framework; sourceTree = BUILT_PRODUCTS_DIR; };
		1839055C29C0347900FE8069 /* Empty.swift */ = {isa = PBXFileReference; lastKnownFileType = sourcecode.swift; path = Empty.swift; sourceTree = "<group>"; };
		3C5A37D427EAF68F00CFC2EF /* Examples.entitlements */ = {isa = PBXFileReference; lastKnownFileType = text.plist.entitlements; path = Examples.entitlements; sourceTree = "<group>"; };
		57033F2726958C94008A4780 /* UIViewController+Utils.h */ = {isa = PBXFileReference; lastKnownFileType = sourcecode.c.h; path = "UIViewController+Utils.h"; sourceTree = "<group>"; };
		57033F2826958C94008A4780 /* UIViewController+Utils.m */ = {isa = PBXFileReference; lastKnownFileType = sourcecode.c.objc; path = "UIViewController+Utils.m"; sourceTree = "<group>"; };
		57CEC82526E6005000695740 /* Card.framework */ = {isa = PBXFileReference; explicitFileType = wrapper.framework; path = Card.framework; sourceTree = BUILT_PRODUCTS_DIR; };
		57CEC82726E6005400695740 /* Redirect.framework */ = {isa = PBXFileReference; explicitFileType = wrapper.framework; path = Redirect.framework; sourceTree = BUILT_PRODUCTS_DIR; };
		57CEC82926E6005700695740 /* WeChatPay.framework */ = {isa = PBXFileReference; explicitFileType = wrapper.framework; path = WeChatPay.framework; sourceTree = BUILT_PRODUCTS_DIR; };
		57CEC82B26E6007100695740 /* Card.framework */ = {isa = PBXFileReference; explicitFileType = wrapper.framework; path = Card.framework; sourceTree = BUILT_PRODUCTS_DIR; };
		57CEC82D26E6007400695740 /* Redirect.framework */ = {isa = PBXFileReference; explicitFileType = wrapper.framework; path = Redirect.framework; sourceTree = BUILT_PRODUCTS_DIR; };
		57CEC82F26E6007700695740 /* WeChatPay.framework */ = {isa = PBXFileReference; explicitFileType = wrapper.framework; path = WeChatPay.framework; sourceTree = BUILT_PRODUCTS_DIR; };
		57CEC83126E6007C00695740 /* Card.framework */ = {isa = PBXFileReference; explicitFileType = wrapper.framework; path = Card.framework; sourceTree = BUILT_PRODUCTS_DIR; };
		57CEC83326E6007F00695740 /* Redirect.framework */ = {isa = PBXFileReference; explicitFileType = wrapper.framework; path = Redirect.framework; sourceTree = BUILT_PRODUCTS_DIR; };
		57CEC83526E6008100695740 /* WeChatPay.framework */ = {isa = PBXFileReference; explicitFileType = wrapper.framework; path = WeChatPay.framework; sourceTree = BUILT_PRODUCTS_DIR; };
		57DCD641269428C800705D5C /* Keys */ = {isa = PBXFileReference; lastKnownFileType = folder; path = Keys; sourceTree = "<group>"; };
		57F9EF83268DCB3600B744B2 /* AirwallexExamplesKeys.h */ = {isa = PBXFileReference; lastKnownFileType = sourcecode.c.h; path = AirwallexExamplesKeys.h; sourceTree = "<group>"; };
		57F9EF84268DCB3600B744B2 /* AirwallexExamplesKeys.m */ = {isa = PBXFileReference; lastKnownFileType = sourcecode.c.objc; path = AirwallexExamplesKeys.m; sourceTree = "<group>"; };
		617807456E4EF1973ABF7042 /* Pods-Examples.debug.xcconfig */ = {isa = PBXFileReference; includeInIndex = 1; lastKnownFileType = text.xcconfig; name = "Pods-Examples.debug.xcconfig"; path = "Target Support Files/Pods-Examples/Pods-Examples.debug.xcconfig"; sourceTree = "<group>"; };
		7D7D702013D115ED98FFEFA0 /* Pods_Examples.framework */ = {isa = PBXFileReference; explicitFileType = wrapper.framework; includeInIndex = 0; path = Pods_Examples.framework; sourceTree = BUILT_PRODUCTS_DIR; };
		89340FFBA0BDAB8E114F5872 /* Pods-Examples.release.xcconfig */ = {isa = PBXFileReference; includeInIndex = 1; lastKnownFileType = text.xcconfig; name = "Pods-Examples.release.xcconfig"; path = "Target Support Files/Pods-Examples/Pods-Examples.release.xcconfig"; sourceTree = "<group>"; };
		C52EE6AB2864177B000571A1 /* OptionButton.h */ = {isa = PBXFileReference; lastKnownFileType = sourcecode.c.h; path = OptionButton.h; sourceTree = "<group>"; };
		C52EE6AC2864177B000571A1 /* OptionButton.m */ = {isa = PBXFileReference; lastKnownFileType = sourcecode.c.objc; path = OptionButton.m; sourceTree = "<group>"; };
		C5AB0C572860454200B436C3 /* Product.h */ = {isa = PBXFileReference; lastKnownFileType = sourcecode.c.h; path = Product.h; sourceTree = "<group>"; };
		C5AB0C582860454200B436C3 /* Product.m */ = {isa = PBXFileReference; lastKnownFileType = sourcecode.c.objc; path = Product.m; sourceTree = "<group>"; };
/* End PBXFileReference section */

/* Begin PBXFrameworksBuildPhase section */
		085BD3E823CC64B6002E8F27 /* Frameworks */ = {
			isa = PBXFrameworksBuildPhase;
			buildActionMask = 2147483647;
			files = (
				8C8B48417A8089F01476F8CD /* Pods_Examples.framework in Frameworks */,
			);
			runOnlyForDeploymentPostprocessing = 0;
		};
/* End PBXFrameworksBuildPhase section */

/* Begin PBXGroup section */
		00E501B9264CD2EF00027311 /* Demo */ = {
			isa = PBXGroup;
			children = (
				00D7B958265F45AF00F2CBB6 /* WechatPayViewController.h */,
				00D7B959265F45AF00F2CBB6 /* WechatPayViewController.m */,
				00E501BA264D06A900027311 /* InputViewController.h */,
				00E501BB264D06A900027311 /* InputViewController.m */,
				00E501BD264D06B400027311 /* WebViewController.h */,
				00E501BE264D06B400027311 /* WebViewController.m */,
				00E501C0264D06BE00027311 /* SuccessViewController.h */,
				00E501C1264D06BE00027311 /* SuccessViewController.m */,
			);
			path = Demo;
			sourceTree = "<group>";
		};
		082D307F23CEEC0700C9D587 /* Cart */ = {
			isa = PBXGroup;
			children = (
				57E3C9D72693DAD90062E6F0 /* Cells */,
				082D308623CEEDC100C9D587 /* CartViewController.h */,
				082D308723CEEDC100C9D587 /* CartViewController.m */,
				08A3E99D24246C30003FDAAF /* OptionsViewController.h */,
				08A3E99E24246C30003FDAAF /* OptionsViewController.m */,
				57033F2726958C94008A4780 /* UIViewController+Utils.h */,
				57033F2826958C94008A4780 /* UIViewController+Utils.m */,
				C52EE6AB2864177B000571A1 /* OptionButton.h */,
				C52EE6AC2864177B000571A1 /* OptionButton.m */,
			);
			path = Cart;
			sourceTree = "<group>";
		};
		085BD3E223CC64B6002E8F27 = {
			isa = PBXGroup;
			children = (
				085BD3ED23CC64B6002E8F27 /* Examples */,
				085BD3EC23CC64B6002E8F27 /* Products */,
				A124BE0DCF06F969177C95C3 /* Frameworks */,
				242E8629232F042B71464DAF /* Pods */,
			);
			sourceTree = "<group>";
		};
		085BD3EC23CC64B6002E8F27 /* Products */ = {
			isa = PBXGroup;
			children = (
				085BD3EB23CC64B6002E8F27 /* Examples.app */,
			);
			name = Products;
			sourceTree = "<group>";
		};
		085BD3ED23CC64B6002E8F27 /* Examples */ = {
			isa = PBXGroup;
			children = (
				3C5A37D427EAF68F00CFC2EF /* Examples.entitlements */,
				57DCD641269428C800705D5C /* Keys */,
				085BD3EE23CC64B6002E8F27 /* AppDelegate.h */,
				085BD3EF23CC64B6002E8F27 /* AppDelegate.m */,
				57F9EF83268DCB3600B744B2 /* AirwallexExamplesKeys.h */,
				57F9EF84268DCB3600B744B2 /* AirwallexExamplesKeys.m */,
				00E501B9264CD2EF00027311 /* Demo */,
				088F3E8023CEB7E6005AE40F /* API */,
				082D307F23CEEC0700C9D587 /* Cart */,
				088ADB902407B329001ADC71 /* Resources */,
				085BD3FF23CC64B9002E8F27 /* Info.plist */,
				085BD40023CC64B9002E8F27 /* main.m */,
				1839055C29C0347900FE8069 /* Empty.swift */,
			);
			path = Examples;
			sourceTree = "<group>";
		};
		088ADB902407B329001ADC71 /* Resources */ = {
			isa = PBXGroup;
			children = (
				085BD3FA23CC64B9002E8F27 /* Assets.xcassets */,
				085BD3F723CC64B6002E8F27 /* Main.storyboard */,
				085BA64E23F0FB8A00FD33FA /* Splash.storyboard */,
				085BD3FC23CC64B9002E8F27 /* LaunchScreen.storyboard */,
			);
			path = Resources;
			sourceTree = "<group>";
		};
		088F3E8023CEB7E6005AE40F /* API */ = {
			isa = PBXGroup;
			children = (
				088F3E8123CEB7FF005AE40F /* APIClient.h */,
				088F3E8223CEB7FF005AE40F /* APIClient.m */,
			);
			path = API;
			sourceTree = "<group>";
		};
		242E8629232F042B71464DAF /* Pods */ = {
			isa = PBXGroup;
			children = (
				617807456E4EF1973ABF7042 /* Pods-Examples.debug.xcconfig */,
				89340FFBA0BDAB8E114F5872 /* Pods-Examples.release.xcconfig */,
			);
			name = Pods;
			path = ../Pods;
			sourceTree = "<group>";
		};
		57E3C9D72693DAD90062E6F0 /* Cells */ = {
			isa = PBXGroup;
			children = (
				084F15E5247646FA00DAAD76 /* ShippingCell.h */,
				084F15E6247646FA00DAAD76 /* ShippingCell.m */,
				082D308023CEEC3300C9D587 /* ProductCell.h */,
				082D308123CEEC3300C9D587 /* ProductCell.m */,
				082D308323CEECE400C9D587 /* TotalCell.h */,
				082D308423CEECE400C9D587 /* TotalCell.m */,
				C5AB0C572860454200B436C3 /* Product.h */,
				C5AB0C582860454200B436C3 /* Product.m */,
			);
			path = Cells;
			sourceTree = "<group>";
		};
		A124BE0DCF06F969177C95C3 /* Frameworks */ = {
			isa = PBXGroup;
			children = (
				57CEC83526E6008100695740 /* WeChatPay.framework */,
				57CEC83326E6007F00695740 /* Redirect.framework */,
				57CEC83126E6007C00695740 /* Card.framework */,
				57CEC82F26E6007700695740 /* WeChatPay.framework */,
				57CEC82D26E6007400695740 /* Redirect.framework */,
				57CEC82B26E6007100695740 /* Card.framework */,
				57CEC82926E6005700695740 /* WeChatPay.framework */,
				57CEC82726E6005400695740 /* Redirect.framework */,
				57CEC82526E6005000695740 /* Card.framework */,
				08B55E372421D8C60054E254 /* Airwallex.framework */,
				7D7D702013D115ED98FFEFA0 /* Pods_Examples.framework */,
			);
			name = Frameworks;
			sourceTree = "<group>";
		};
/* End PBXGroup section */

/* Begin PBXNativeTarget section */
		085BD3EA23CC64B6002E8F27 /* Examples */ = {
			isa = PBXNativeTarget;
			buildConfigurationList = 085BD40423CC64B9002E8F27 /* Build configuration list for PBXNativeTarget "Examples" */;
			buildPhases = (
				27213DDF7CB718263CED259E /* [CP] Check Pods Manifest.lock */,
				085BD3E723CC64B6002E8F27 /* Sources */,
				085BD3E823CC64B6002E8F27 /* Frameworks */,
				085BD3E923CC64B6002E8F27 /* Resources */,
				E48FE8DFA1CB7DA1E54CED76 /* [CP] Embed Pods Frameworks */,
				A4745D2CDD6CDDF13E8B9743 /* [CP] Copy Pods Resources */,
				C52EE7B32865394100F966DD /* Run clang-format */,
			);
			buildRules = (
			);
			dependencies = (
			);
			name = Examples;
			productName = Examples;
			productReference = 085BD3EB23CC64B6002E8F27 /* Examples.app */;
			productType = "com.apple.product-type.application";
		};
/* End PBXNativeTarget section */

/* Begin PBXProject section */
		085BD3E323CC64B6002E8F27 /* Project object */ = {
			isa = PBXProject;
			attributes = {
				LastUpgradeCheck = 1340;
				ORGANIZATIONNAME = Airwallex;
				TargetAttributes = {
					085BD3EA23CC64B6002E8F27 = {
						CreatedOnToolsVersion = 11.1;
						LastSwiftMigration = 1420;
					};
				};
			};
			buildConfigurationList = 085BD3E623CC64B6002E8F27 /* Build configuration list for PBXProject "Examples" */;
			compatibilityVersion = "Xcode 9.3";
			developmentRegion = en;
			hasScannedForEncodings = 0;
			knownRegions = (
				en,
				Base,
			);
			mainGroup = 085BD3E223CC64B6002E8F27;
			productRefGroup = 085BD3EC23CC64B6002E8F27 /* Products */;
			projectDirPath = "";
			projectRoot = "";
			targets = (
				085BD3EA23CC64B6002E8F27 /* Examples */,
			);
		};
/* End PBXProject section */

/* Begin PBXResourcesBuildPhase section */
		085BD3E923CC64B6002E8F27 /* Resources */ = {
			isa = PBXResourcesBuildPhase;
			buildActionMask = 2147483647;
			files = (
				57DCD642269428C800705D5C /* Keys in Resources */,
				085BD3FE23CC64B9002E8F27 /* LaunchScreen.storyboard in Resources */,
				085BA64F23F0FB8A00FD33FA /* Splash.storyboard in Resources */,
				085BD3FB23CC64B9002E8F27 /* Assets.xcassets in Resources */,
				085BD3F923CC64B6002E8F27 /* Main.storyboard in Resources */,
			);
			runOnlyForDeploymentPostprocessing = 0;
		};
/* End PBXResourcesBuildPhase section */

/* Begin PBXShellScriptBuildPhase section */
		27213DDF7CB718263CED259E /* [CP] Check Pods Manifest.lock */ = {
			isa = PBXShellScriptBuildPhase;
			buildActionMask = 2147483647;
			files = (
			);
			inputFileListPaths = (
			);
			inputPaths = (
				"${PODS_PODFILE_DIR_PATH}/Podfile.lock",
				"${PODS_ROOT}/Manifest.lock",
			);
			name = "[CP] Check Pods Manifest.lock";
			outputFileListPaths = (
			);
			outputPaths = (
				"$(DERIVED_FILE_DIR)/Pods-Examples-checkManifestLockResult.txt",
			);
			runOnlyForDeploymentPostprocessing = 0;
			shellPath = /bin/sh;
			shellScript = "diff \"${PODS_PODFILE_DIR_PATH}/Podfile.lock\" \"${PODS_ROOT}/Manifest.lock\" > /dev/null\nif [ $? != 0 ] ; then\n    # print error to STDERR\n    echo \"error: The sandbox is not in sync with the Podfile.lock. Run 'pod install' or update your CocoaPods installation.\" >&2\n    exit 1\nfi\n# This output is used by Xcode 'outputs' to avoid re-running this script phase.\necho \"SUCCESS\" > \"${SCRIPT_OUTPUT_FILE_0}\"\n";
			showEnvVarsInLog = 0;
		};
		A4745D2CDD6CDDF13E8B9743 /* [CP] Copy Pods Resources */ = {
			isa = PBXShellScriptBuildPhase;
			buildActionMask = 2147483647;
			files = (
			);
			inputFileListPaths = (
				"${PODS_ROOT}/Target Support Files/Pods-Examples/Pods-Examples-resources-${CONFIGURATION}-input-files.xcfilelist",
			);
			name = "[CP] Copy Pods Resources";
			outputFileListPaths = (
				"${PODS_ROOT}/Target Support Files/Pods-Examples/Pods-Examples-resources-${CONFIGURATION}-output-files.xcfilelist",
			);
			runOnlyForDeploymentPostprocessing = 0;
			shellPath = /bin/sh;
			shellScript = "\"${PODS_ROOT}/Target Support Files/Pods-Examples/Pods-Examples-resources.sh\"\n";
			showEnvVarsInLog = 0;
		};
		C52EE7B32865394100F966DD /* Run clang-format */ = {
			isa = PBXShellScriptBuildPhase;
			buildActionMask = 2147483647;
			files = (
			);
			inputFileListPaths = (
			);
			inputPaths = (
			);
			name = "Run clang-format";
			outputFileListPaths = (
			);
			outputPaths = (
			);
			runOnlyForDeploymentPostprocessing = 0;
			shellPath = /bin/sh;
			shellScript = "if test -d \"/opt/homebrew/bin/\"; then\n  PATH=\"/opt/homebrew/bin/:${PATH}\"\nfi\n\nexport PATH\n\nif which clang-format >/dev/null; then\n  find \"${PROJECT_DIR}/../Airwallex\" -type f -name \"*.[mh]\" | xargs clang-format -i -style=file\n  find \"${PROJECT_DIR}/../Examples\" -type f -name \"*.[mh]\" | xargs clang-format -i -style=file\nelse\n  echo \"warning: clang-format not found. Install using Homebrew to automatically format Objective-C code.\"\nfi\n";
		};
		E48FE8DFA1CB7DA1E54CED76 /* [CP] Embed Pods Frameworks */ = {
			isa = PBXShellScriptBuildPhase;
			buildActionMask = 2147483647;
			files = (
			);
			inputFileListPaths = (
				"${PODS_ROOT}/Target Support Files/Pods-Examples/Pods-Examples-frameworks-${CONFIGURATION}-input-files.xcfilelist",
			);
			name = "[CP] Embed Pods Frameworks";
			outputFileListPaths = (
				"${PODS_ROOT}/Target Support Files/Pods-Examples/Pods-Examples-frameworks-${CONFIGURATION}-output-files.xcfilelist",
			);
			runOnlyForDeploymentPostprocessing = 0;
			shellPath = /bin/sh;
			shellScript = "\"${PODS_ROOT}/Target Support Files/Pods-Examples/Pods-Examples-frameworks.sh\"\n";
			showEnvVarsInLog = 0;
		};
/* End PBXShellScriptBuildPhase section */

/* Begin PBXSourcesBuildPhase section */
		085BD3E723CC64B6002E8F27 /* Sources */ = {
			isa = PBXSourcesBuildPhase;
			buildActionMask = 2147483647;
			files = (
				082D308823CEEDC100C9D587 /* CartViewController.m in Sources */,
				00E501BF264D06B400027311 /* WebViewController.m in Sources */,
				082D308523CEECE400C9D587 /* TotalCell.m in Sources */,
				00E501BC264D06A900027311 /* InputViewController.m in Sources */,
				088F3E8323CEB7FF005AE40F /* APIClient.m in Sources */,
				085BD3F023CC64B6002E8F27 /* AppDelegate.m in Sources */,
				C5AB0C592860454200B436C3 /* Product.m in Sources */,
				084F15E7247646FA00DAAD76 /* ShippingCell.m in Sources */,
				57F9EF85268DCB3600B744B2 /* AirwallexExamplesKeys.m in Sources */,
				00D7B95A265F45AF00F2CBB6 /* WechatPayViewController.m in Sources */,
				085BD40123CC64B9002E8F27 /* main.m in Sources */,
				1839055D29C0347900FE8069 /* Empty.swift in Sources */,
				082D308223CEEC3300C9D587 /* ProductCell.m in Sources */,
				00E501C2264D06BE00027311 /* SuccessViewController.m in Sources */,
				57033F2926958C94008A4780 /* UIViewController+Utils.m in Sources */,
				C52EE6AD2864177B000571A1 /* OptionButton.m in Sources */,
				08A3E99F24246C30003FDAAF /* OptionsViewController.m in Sources */,
			);
			runOnlyForDeploymentPostprocessing = 0;
		};
/* End PBXSourcesBuildPhase section */

/* Begin PBXVariantGroup section */
		085BD3F723CC64B6002E8F27 /* Main.storyboard */ = {
			isa = PBXVariantGroup;
			children = (
				085BD3F823CC64B6002E8F27 /* Base */,
			);
			name = Main.storyboard;
			sourceTree = "<group>";
		};
		085BD3FC23CC64B9002E8F27 /* LaunchScreen.storyboard */ = {
			isa = PBXVariantGroup;
			children = (
				085BD3FD23CC64B9002E8F27 /* Base */,
			);
			name = LaunchScreen.storyboard;
			sourceTree = "<group>";
		};
/* End PBXVariantGroup section */

/* Begin XCBuildConfiguration section */
		085BD40223CC64B9002E8F27 /* Debug */ = {
			isa = XCBuildConfiguration;
			buildSettings = {
				ALWAYS_SEARCH_USER_PATHS = NO;
				CLANG_ANALYZER_NONNULL = YES;
				CLANG_ANALYZER_NUMBER_OBJECT_CONVERSION = YES_AGGRESSIVE;
				CLANG_CXX_LANGUAGE_STANDARD = "gnu++14";
				CLANG_CXX_LIBRARY = "libc++";
				CLANG_ENABLE_MODULES = YES;
				CLANG_ENABLE_OBJC_ARC = YES;
				CLANG_ENABLE_OBJC_WEAK = YES;
				CLANG_WARN_BLOCK_CAPTURE_AUTORELEASING = YES;
				CLANG_WARN_BOOL_CONVERSION = YES;
				CLANG_WARN_COMMA = YES;
				CLANG_WARN_CONSTANT_CONVERSION = YES;
				CLANG_WARN_DEPRECATED_OBJC_IMPLEMENTATIONS = YES;
				CLANG_WARN_DIRECT_OBJC_ISA_USAGE = YES_ERROR;
				CLANG_WARN_DOCUMENTATION_COMMENTS = YES;
				CLANG_WARN_EMPTY_BODY = YES;
				CLANG_WARN_ENUM_CONVERSION = YES;
				CLANG_WARN_INFINITE_RECURSION = YES;
				CLANG_WARN_INT_CONVERSION = YES;
				CLANG_WARN_NON_LITERAL_NULL_CONVERSION = YES;
				CLANG_WARN_OBJC_IMPLICIT_RETAIN_SELF = YES;
				CLANG_WARN_OBJC_LITERAL_CONVERSION = YES;
				CLANG_WARN_OBJC_ROOT_CLASS = YES_ERROR;
				CLANG_WARN_QUOTED_INCLUDE_IN_FRAMEWORK_HEADER = YES;
				CLANG_WARN_RANGE_LOOP_ANALYSIS = YES;
				CLANG_WARN_STRICT_PROTOTYPES = YES;
				CLANG_WARN_SUSPICIOUS_MOVE = YES;
				CLANG_WARN_UNGUARDED_AVAILABILITY = YES_AGGRESSIVE;
				CLANG_WARN_UNREACHABLE_CODE = YES;
				CLANG_WARN__DUPLICATE_METHOD_MATCH = YES;
				COPY_PHASE_STRIP = NO;
				DEBUG_INFORMATION_FORMAT = dwarf;
				ENABLE_STRICT_OBJC_MSGSEND = YES;
				ENABLE_TESTABILITY = YES;
				GCC_C_LANGUAGE_STANDARD = gnu11;
				GCC_DYNAMIC_NO_PIC = NO;
				GCC_NO_COMMON_BLOCKS = YES;
				GCC_OPTIMIZATION_LEVEL = 0;
				GCC_PREPROCESSOR_DEFINITIONS = (
					"DEBUG=1",
					"$(inherited)",
				);
				GCC_WARN_64_TO_32_BIT_CONVERSION = YES;
				GCC_WARN_ABOUT_RETURN_TYPE = YES_ERROR;
				GCC_WARN_UNDECLARED_SELECTOR = YES;
				GCC_WARN_UNINITIALIZED_AUTOS = YES_AGGRESSIVE;
				GCC_WARN_UNUSED_FUNCTION = YES;
				GCC_WARN_UNUSED_VARIABLE = YES;
				IPHONEOS_DEPLOYMENT_TARGET = 13.0;
				MTL_ENABLE_DEBUG_INFO = INCLUDE_SOURCE;
				MTL_FAST_MATH = YES;
				ONLY_ACTIVE_ARCH = YES;
				SDKROOT = iphoneos;
			};
			name = Debug;
		};
		085BD40323CC64B9002E8F27 /* Release */ = {
			isa = XCBuildConfiguration;
			buildSettings = {
				ALWAYS_SEARCH_USER_PATHS = NO;
				CLANG_ANALYZER_NONNULL = YES;
				CLANG_ANALYZER_NUMBER_OBJECT_CONVERSION = YES_AGGRESSIVE;
				CLANG_CXX_LANGUAGE_STANDARD = "gnu++14";
				CLANG_CXX_LIBRARY = "libc++";
				CLANG_ENABLE_MODULES = YES;
				CLANG_ENABLE_OBJC_ARC = YES;
				CLANG_ENABLE_OBJC_WEAK = YES;
				CLANG_WARN_BLOCK_CAPTURE_AUTORELEASING = YES;
				CLANG_WARN_BOOL_CONVERSION = YES;
				CLANG_WARN_COMMA = YES;
				CLANG_WARN_CONSTANT_CONVERSION = YES;
				CLANG_WARN_DEPRECATED_OBJC_IMPLEMENTATIONS = YES;
				CLANG_WARN_DIRECT_OBJC_ISA_USAGE = YES_ERROR;
				CLANG_WARN_DOCUMENTATION_COMMENTS = YES;
				CLANG_WARN_EMPTY_BODY = YES;
				CLANG_WARN_ENUM_CONVERSION = YES;
				CLANG_WARN_INFINITE_RECURSION = YES;
				CLANG_WARN_INT_CONVERSION = YES;
				CLANG_WARN_NON_LITERAL_NULL_CONVERSION = YES;
				CLANG_WARN_OBJC_IMPLICIT_RETAIN_SELF = YES;
				CLANG_WARN_OBJC_LITERAL_CONVERSION = YES;
				CLANG_WARN_OBJC_ROOT_CLASS = YES_ERROR;
				CLANG_WARN_QUOTED_INCLUDE_IN_FRAMEWORK_HEADER = YES;
				CLANG_WARN_RANGE_LOOP_ANALYSIS = YES;
				CLANG_WARN_STRICT_PROTOTYPES = YES;
				CLANG_WARN_SUSPICIOUS_MOVE = YES;
				CLANG_WARN_UNGUARDED_AVAILABILITY = YES_AGGRESSIVE;
				CLANG_WARN_UNREACHABLE_CODE = YES;
				CLANG_WARN__DUPLICATE_METHOD_MATCH = YES;
				COPY_PHASE_STRIP = NO;
				DEBUG_INFORMATION_FORMAT = "dwarf-with-dsym";
				ENABLE_NS_ASSERTIONS = NO;
				ENABLE_STRICT_OBJC_MSGSEND = YES;
				GCC_C_LANGUAGE_STANDARD = gnu11;
				GCC_NO_COMMON_BLOCKS = YES;
				GCC_WARN_64_TO_32_BIT_CONVERSION = YES;
				GCC_WARN_ABOUT_RETURN_TYPE = YES_ERROR;
				GCC_WARN_UNDECLARED_SELECTOR = YES;
				GCC_WARN_UNINITIALIZED_AUTOS = YES_AGGRESSIVE;
				GCC_WARN_UNUSED_FUNCTION = YES;
				GCC_WARN_UNUSED_VARIABLE = YES;
				IPHONEOS_DEPLOYMENT_TARGET = 13.0;
				MTL_ENABLE_DEBUG_INFO = NO;
				MTL_FAST_MATH = YES;
				SDKROOT = iphoneos;
				VALIDATE_PRODUCT = YES;
			};
			name = Release;
		};
		085BD40523CC64B9002E8F27 /* Debug */ = {
			isa = XCBuildConfiguration;
			baseConfigurationReference = 617807456E4EF1973ABF7042 /* Pods-Examples.debug.xcconfig */;
			buildSettings = {
				ASSETCATALOG_COMPILER_APPICON_NAME = AppIcon;
				CLANG_ENABLE_MODULES = YES;
				CODE_SIGN_ENTITLEMENTS = Examples/Examples.entitlements;
				CODE_SIGN_STYLE = Automatic;
				DEVELOPMENT_TEAM = K294E2HD3N;
				INFOPLIST_FILE = Examples/Info.plist;
				LD_RUNPATH_SEARCH_PATHS = (
					"$(inherited)",
					"@executable_path/Frameworks",
				);
				PRODUCT_BUNDLE_IDENTIFIER = com.airwallex.paymentacceptance;
				PRODUCT_NAME = "$(TARGET_NAME)";
				SWIFT_OPTIMIZATION_LEVEL = "-Onone";
				SWIFT_VERSION = 5.0;
				TARGETED_DEVICE_FAMILY = "1,2";
			};
			name = Debug;
		};
		085BD40623CC64B9002E8F27 /* Release */ = {
			isa = XCBuildConfiguration;
			baseConfigurationReference = 89340FFBA0BDAB8E114F5872 /* Pods-Examples.release.xcconfig */;
			buildSettings = {
				ASSETCATALOG_COMPILER_APPICON_NAME = AppIcon;
				CLANG_ENABLE_MODULES = YES;
				CODE_SIGN_ENTITLEMENTS = Examples/Examples.entitlements;
				CODE_SIGN_STYLE = Automatic;
				DEVELOPMENT_TEAM = K294E2HD3N;
				INFOPLIST_FILE = Examples/Info.plist;
				LD_RUNPATH_SEARCH_PATHS = (
					"$(inherited)",
					"@executable_path/Frameworks",
				);
				PRODUCT_BUNDLE_IDENTIFIER = com.airwallex.paymentacceptance;
				PRODUCT_NAME = "$(TARGET_NAME)";
				SWIFT_VERSION = 5.0;
				TARGETED_DEVICE_FAMILY = "1,2";
			};
			name = Release;
		};
/* End XCBuildConfiguration section */

/* Begin XCConfigurationList section */
		085BD3E623CC64B6002E8F27 /* Build configuration list for PBXProject "Examples" */ = {
			isa = XCConfigurationList;
			buildConfigurations = (
				085BD40223CC64B9002E8F27 /* Debug */,
				085BD40323CC64B9002E8F27 /* Release */,
			);
			defaultConfigurationIsVisible = 0;
			defaultConfigurationName = Release;
		};
		085BD40423CC64B9002E8F27 /* Build configuration list for PBXNativeTarget "Examples" */ = {
			isa = XCConfigurationList;
			buildConfigurations = (
				085BD40523CC64B9002E8F27 /* Debug */,
				085BD40623CC64B9002E8F27 /* Release */,
			);
			defaultConfigurationIsVisible = 0;
			defaultConfigurationName = Release;
		};
/* End XCConfigurationList section */
	};
	rootObject = 085BD3E323CC64B6002E8F27 /* Project object */;
}
